// !$*UTF8*$!
{
	archiveVersion = 1;
	classes = {
	};
	objectVersion = 46;
	objects = {

/* Begin PBXBuildFile section */
		7B108ECE1C779A21003FC7EE /* GameOverScene.swift in Sources */ = {isa = PBXBuildFile; fileRef = 7B108ECD1C779A21003FC7EE /* GameOverScene.swift */; };
		7B108F041C7BC262003FC7EE /* waterBucket.atlas in Resources */ = {isa = PBXBuildFile; fileRef = 7B108F031C7BC262003FC7EE /* waterBucket.atlas */; };
		7B108F131C7BC39C003FC7EE /* cottonBlaze.wav in Resources */ = {isa = PBXBuildFile; fileRef = 7B108F0A1C7BC39C003FC7EE /* cottonBlaze.wav */; };
		7B108F141C7BC39C003FC7EE /* hitCritical.wav in Resources */ = {isa = PBXBuildFile; fileRef = 7B108F0B1C7BC39C003FC7EE /* hitCritical.wav */; };
		7B108F151C7BC39C003FC7EE /* hitNormal.wav in Resources */ = {isa = PBXBuildFile; fileRef = 7B108F0C1C7BC39C003FC7EE /* hitNormal.wav */; };
		7B108F161C7BC39C003FC7EE /* kusanagiNoTsurugi.wav in Resources */ = {isa = PBXBuildFile; fileRef = 7B108F0D1C7BC39C003FC7EE /* kusanagiNoTsurugi.wav */; };
		7B108F171C7BC39C003FC7EE /* mortarSound.wav in Resources */ = {isa = PBXBuildFile; fileRef = 7B108F0E1C7BC39C003FC7EE /* mortarSound.wav */; };
		7B108F181C7BC39C003FC7EE /* silkTrick.wav in Resources */ = {isa = PBXBuildFile; fileRef = 7B108F0F1C7BC39C003FC7EE /* silkTrick.wav */; };
		7B108F191C7BC39C003FC7EE /* waterSound.wav in Resources */ = {isa = PBXBuildFile; fileRef = 7B108F101C7BC39C003FC7EE /* waterSound.wav */; };
		7B108F1A1C7BC39C003FC7EE /* whipCritical.wav in Resources */ = {isa = PBXBuildFile; fileRef = 7B108F111C7BC39C003FC7EE /* whipCritical.wav */; };
		7B108F1B1C7BC39C003FC7EE /* whipNormal.wav in Resources */ = {isa = PBXBuildFile; fileRef = 7B108F121C7BC39C003FC7EE /* whipNormal.wav */; };
		7B108F211C7BC3E5003FC7EE /* slash.atlas in Resources */ = {isa = PBXBuildFile; fileRef = 7B108F201C7BC3E5003FC7EE /* slash.atlas */; };
		7B108F231C7BC3F3003FC7EE /* slashCritical.atlas in Resources */ = {isa = PBXBuildFile; fileRef = 7B108F221C7BC3F3003FC7EE /* slashCritical.atlas */; };
		7B108F251C7BC450003FC7EE /* CottonBlaze.swift in Sources */ = {isa = PBXBuildFile; fileRef = 7B108F241C7BC450003FC7EE /* CottonBlaze.swift */; };
		7B108F271C7BC8C8003FC7EE /* KusanagiNoTsurugi.swift in Sources */ = {isa = PBXBuildFile; fileRef = 7B108F261C7BC8C8003FC7EE /* KusanagiNoTsurugi.swift */; };
		7B31A7361C8005DE0071EC35 /* boss3.png in Resources */ = {isa = PBXBuildFile; fileRef = 7B31A7341C8005DE0071EC35 /* boss3.png */; };
		7B31A7371C8005DE0071EC35 /* boss3Thread.png in Resources */ = {isa = PBXBuildFile; fileRef = 7B31A7351C8005DE0071EC35 /* boss3Thread.png */; };
		7B31A73A1C8005EB0071EC35 /* boss4.png in Resources */ = {isa = PBXBuildFile; fileRef = 7B31A7381C8005EB0071EC35 /* boss4.png */; };
		7B31A73B1C8005EB0071EC35 /* boss4Thread.png in Resources */ = {isa = PBXBuildFile; fileRef = 7B31A7391C8005EB0071EC35 /* boss4Thread.png */; };
		7B31A7421C8009700071EC35 /* boss1Leg.png in Resources */ = {isa = PBXBuildFile; fileRef = 7B31A7401C8009700071EC35 /* boss1Leg.png */; };
		7B31A7441C80122B0071EC35 /* boss1.png in Resources */ = {isa = PBXBuildFile; fileRef = 7B31A7431C80122B0071EC35 /* boss1.png */; };
		7B31A74A1C80E6680071EC35 /* bg1.png in Resources */ = {isa = PBXBuildFile; fileRef = 7B31A7491C80E6680071EC35 /* bg1.png */; };
		7B378D9D1C7E31B600169D94 /* mainCharacter.atlas in Resources */ = {isa = PBXBuildFile; fileRef = 7B378D9C1C7E31B600169D94 /* mainCharacter.atlas */; };
		7B378DB11C7E6C5400169D94 /* dragonLeftWing.png in Resources */ = {isa = PBXBuildFile; fileRef = 7B378DAE1C7E6C5400169D94 /* dragonLeftWing.png */; };
		7B378DB21C7E6C5400169D94 /* dragonRightWing.png in Resources */ = {isa = PBXBuildFile; fileRef = 7B378DAF1C7E6C5400169D94 /* dragonRightWing.png */; };
		7B3C152A1C83D59600BEB2D1 /* SpellBook.png in Resources */ = {isa = PBXBuildFile; fileRef = 7B3C15291C83D59600BEB2D1 /* SpellBook.png */; };
		7B3C152C1C8408A400BEB2D1 /* cancelButton.png in Resources */ = {isa = PBXBuildFile; fileRef = 7B3C152B1C8408A400BEB2D1 /* cancelButton.png */; };
		7B3C152E1C84149C00BEB2D1 /* SpellBookClosed.png in Resources */ = {isa = PBXBuildFile; fileRef = 7B3C152D1C84149C00BEB2D1 /* SpellBookClosed.png */; };
		7B72CBA41C84BAEF006563B9 /* dragonBody.png in Resources */ = {isa = PBXBuildFile; fileRef = 7B72CBA31C84BAEF006563B9 /* dragonBody.png */; };
		7B72CBB11C84E7B3006563B9 /* cobra.png in Resources */ = {isa = PBXBuildFile; fileRef = 7B72CBA91C84E7B3006563B9 /* cobra.png */; };
		7B72CBB21C84E7B3006563B9 /* demon.png in Resources */ = {isa = PBXBuildFile; fileRef = 7B72CBAA1C84E7B3006563B9 /* demon.png */; };
		7B72CBB31C84E7B3006563B9 /* golem.png in Resources */ = {isa = PBXBuildFile; fileRef = 7B72CBAB1C84E7B3006563B9 /* golem.png */; };
		7B72CBB41C84E7B3006563B9 /* knight.png in Resources */ = {isa = PBXBuildFile; fileRef = 7B72CBAC1C84E7B3006563B9 /* knight.png */; };
		7B72CBB51C84E7B3006563B9 /* ogre.png in Resources */ = {isa = PBXBuildFile; fileRef = 7B72CBAD1C84E7B3006563B9 /* ogre.png */; };
		7B72CBB61C84E7B3006563B9 /* sister.png in Resources */ = {isa = PBXBuildFile; fileRef = 7B72CBAE1C84E7B3006563B9 /* sister.png */; };
		7B72CBB71C84E7B3006563B9 /* tengu.png in Resources */ = {isa = PBXBuildFile; fileRef = 7B72CBAF1C84E7B3006563B9 /* tengu.png */; };
		7B72CBB81C84E7B3006563B9 /* wolf.png in Resources */ = {isa = PBXBuildFile; fileRef = 7B72CBB01C84E7B3006563B9 /* wolf.png */; };
		7B72CBBD1C84F6A1006563B9 /* VenomViper.swift in Sources */ = {isa = PBXBuildFile; fileRef = 7B72CBBC1C84F6A1006563B9 /* VenomViper.swift */; };
		7B72CBC11C84F6F0006563B9 /* WickedElder.swift in Sources */ = {isa = PBXBuildFile; fileRef = 7B72CBC01C84F6F0006563B9 /* WickedElder.swift */; };
		7B72CBC51C84F707006563B9 /* Megalith.swift in Sources */ = {isa = PBXBuildFile; fileRef = 7B72CBC41C84F707006563B9 /* Megalith.swift */; };
		7B72CBC71C84F70F006563B9 /* UndeadKnight.swift in Sources */ = {isa = PBXBuildFile; fileRef = 7B72CBC61C84F70F006563B9 /* UndeadKnight.swift */; };
		7B72CBC91C84F716006563B9 /* OgreFiend.swift in Sources */ = {isa = PBXBuildFile; fileRef = 7B72CBC81C84F716006563B9 /* OgreFiend.swift */; };
		7B72CBCB1C84F71D006563B9 /* Sorcerer.swift in Sources */ = {isa = PBXBuildFile; fileRef = 7B72CBCA1C84F71D006563B9 /* Sorcerer.swift */; };
		7B72CBCD1C84F724006563B9 /* DemonTengu.swift in Sources */ = {isa = PBXBuildFile; fileRef = 7B72CBCC1C84F724006563B9 /* DemonTengu.swift */; };
		7B72CBCF1C84F728006563B9 /* Kiba.swift in Sources */ = {isa = PBXBuildFile; fileRef = 7B72CBCE1C84F728006563B9 /* Kiba.swift */; };
		7B72CBD21C85116F006563B9 /* arrow.png in Resources */ = {isa = PBXBuildFile; fileRef = 7B72CBD01C85116F006563B9 /* arrow.png */; };
		7B72CBD31C85116F006563B9 /* arrowReverse.png in Resources */ = {isa = PBXBuildFile; fileRef = 7B72CBD11C85116F006563B9 /* arrowReverse.png */; };
		7B72CBD71C85901F006563B9 /* SpellBookClosed.swift in Sources */ = {isa = PBXBuildFile; fileRef = 7B72CBD61C85901F006563B9 /* SpellBookClosed.swift */; };
		7B8BAEE21C765CE9001C1834 /* RootViewController.swift in Sources */ = {isa = PBXBuildFile; fileRef = 7B8BAEE11C765CE9001C1834 /* RootViewController.swift */; };
		7B8BAEEC1C766051001C1834 /* mc.atlas in Resources */ = {isa = PBXBuildFile; fileRef = 7B8BAEEB1C766051001C1834 /* mc.atlas */; };
		7B8BAEF11C7662EE001C1834 /* fabricMaster1.atlas in Resources */ = {isa = PBXBuildFile; fileRef = 7B8BAEF01C7662EE001C1834 /* fabricMaster1.atlas */; };
		7B8F06DB1C82695A008E3509 /* boss2Thread.png in Resources */ = {isa = PBXBuildFile; fileRef = 7B8F06D81C82695A008E3509 /* boss2Thread.png */; };
		7B8F06E81C82719A008E3509 /* leftWhip.png in Resources */ = {isa = PBXBuildFile; fileRef = 7B8F06E61C82719A008E3509 /* leftWhip.png */; };
		7B8F06E91C82719A008E3509 /* rightWhip.png in Resources */ = {isa = PBXBuildFile; fileRef = 7B8F06E71C82719A008E3509 /* rightWhip.png */; };
		7B8F06EB1C8274F8008E3509 /* boss2.png in Resources */ = {isa = PBXBuildFile; fileRef = 7B8F06EA1C8274F8008E3509 /* boss2.png */; };
		7B8F06EF1C829F90008E3509 /* enemyHealthBar.png in Resources */ = {isa = PBXBuildFile; fileRef = 7B8F06EC1C829F90008E3509 /* enemyHealthBar.png */; };
		7B8F06F01C829F90008E3509 /* health2.png in Resources */ = {isa = PBXBuildFile; fileRef = 7B8F06ED1C829F90008E3509 /* health2.png */; };
		7B8F06F11C829F90008E3509 /* healthBar2.png in Resources */ = {isa = PBXBuildFile; fileRef = 7B8F06EE1C829F90008E3509 /* healthBar2.png */; };
		7B8F06F51C82A079008E3509 /* Edan.swift in Sources */ = {isa = PBXBuildFile; fileRef = 7B8F06F41C82A079008E3509 /* Edan.swift */; };
		813C38E31C80ED1C001F9DB8 /* Whip.swift in Sources */ = {isa = PBXBuildFile; fileRef = 813C38E21C80ED1C001F9DB8 /* Whip.swift */; };
		813C38F31C80EDE4001F9DB8 /* aegisLastStand.atlas in Resources */ = {isa = PBXBuildFile; fileRef = 813C38E41C80EDE4001F9DB8 /* aegisLastStand.atlas */; };
		813C38F41C80EDE4001F9DB8 /* aramidGuard.atlas in Resources */ = {isa = PBXBuildFile; fileRef = 813C38E51C80EDE4001F9DB8 /* aramidGuard.atlas */; };
		813C38F51C80EDE4001F9DB8 /* aramidWard.atlas in Resources */ = {isa = PBXBuildFile; fileRef = 813C38E61C80EDE4001F9DB8 /* aramidWard.atlas */; };
		813C38F61C80EDE4001F9DB8 /* constrict.atlas in Resources */ = {isa = PBXBuildFile; fileRef = 813C38E71C80EDE4001F9DB8 /* constrict.atlas */; };
		813C38F71C80EDE4001F9DB8 /* cottonBlaze.atlas in Resources */ = {isa = PBXBuildFile; fileRef = 813C38E81C80EDE4001F9DB8 /* cottonBlaze.atlas */; };
		813C38F81C80EDE4001F9DB8 /* cottonFlare.atlas in Resources */ = {isa = PBXBuildFile; fileRef = 813C38E91C80EDE4001F9DB8 /* cottonFlare.atlas */; };
		813C38F91C80EDE4001F9DB8 /* kusanagiNoTsurugi.atlas in Resources */ = {isa = PBXBuildFile; fileRef = 813C38EA1C80EDE4001F9DB8 /* kusanagiNoTsurugi.atlas */; };
		813C38FA1C80EDE4001F9DB8 /* pieceDeResistance.atlas in Resources */ = {isa = PBXBuildFile; fileRef = 813C38EB1C80EDE4001F9DB8 /* pieceDeResistance.atlas */; };
		813C38FB1C80EDE4001F9DB8 /* rayonBash.atlas in Resources */ = {isa = PBXBuildFile; fileRef = 813C38EC1C80EDE4001F9DB8 /* rayonBash.atlas */; };
		813C38FC1C80EDE4001F9DB8 /* rayonStrike.atlas in Resources */ = {isa = PBXBuildFile; fileRef = 813C38ED1C80EDE4001F9DB8 /* rayonStrike.atlas */; };
		813C38FD1C80EDE4001F9DB8 /* silkDaze.atlas in Resources */ = {isa = PBXBuildFile; fileRef = 813C38EE1C80EDE4001F9DB8 /* silkDaze.atlas */; };
		813C38FE1C80EDE4001F9DB8 /* silkTrick.atlas in Resources */ = {isa = PBXBuildFile; fileRef = 813C38EF1C80EDE4001F9DB8 /* silkTrick.atlas */; };
		813C38FF1C80EDE4001F9DB8 /* thrash.atlas in Resources */ = {isa = PBXBuildFile; fileRef = 813C38F01C80EDE4001F9DB8 /* thrash.atlas */; };
		813C39001C80EDE4001F9DB8 /* whip.atlas in Resources */ = {isa = PBXBuildFile; fileRef = 813C38F11C80EDE4001F9DB8 /* whip.atlas */; };
		813C39011C80EDE4001F9DB8 /* wildFire.atlas in Resources */ = {isa = PBXBuildFile; fileRef = 813C38F21C80EDE4001F9DB8 /* wildFire.atlas */; };
		813C39031C80EEB5001F9DB8 /* SilkDaze.swift in Sources */ = {isa = PBXBuildFile; fileRef = 813C39021C80EEB5001F9DB8 /* SilkDaze.swift */; };
		813C39051C80EF02001F9DB8 /* PieceDeResistance.swift in Sources */ = {isa = PBXBuildFile; fileRef = 813C39041C80EF02001F9DB8 /* PieceDeResistance.swift */; };
		813C39071C80F02D001F9DB8 /* AramidWard.swift in Sources */ = {isa = PBXBuildFile; fileRef = 813C39061C80F02D001F9DB8 /* AramidWard.swift */; };
		813C39091C80F08C001F9DB8 /* AramidGuard.swift in Sources */ = {isa = PBXBuildFile; fileRef = 813C39081C80F08C001F9DB8 /* AramidGuard.swift */; };
		813C390B1C80F0EC001F9DB8 /* AegisLastStand.swift in Sources */ = {isa = PBXBuildFile; fileRef = 813C390A1C80F0EC001F9DB8 /* AegisLastStand.swift */; };
		813C390D1C80F199001F9DB8 /* RayonStrike.swift in Sources */ = {isa = PBXBuildFile; fileRef = 813C390C1C80F199001F9DB8 /* RayonStrike.swift */; };
		813C390F1C80F215001F9DB8 /* RayonBash.swift in Sources */ = {isa = PBXBuildFile; fileRef = 813C390E1C80F215001F9DB8 /* RayonBash.swift */; };
		813C39111C80FCE3001F9DB8 /* LogBase.swift in Sources */ = {isa = PBXBuildFile; fileRef = 813C39101C80FCE3001F9DB8 /* LogBase.swift */; };
		813C39151C81594D001F9DB8 /* Charon.swift in Sources */ = {isa = PBXBuildFile; fileRef = 813C39141C81594D001F9DB8 /* Charon.swift */; };
		814B93F11C8206EB00E72D72 /* Oinari.swift in Sources */ = {isa = PBXBuildFile; fileRef = 814B93F01C8206EB00E72D72 /* Oinari.swift */; };
		814B93F31C820AFD00E72D72 /* Gabino.swift in Sources */ = {isa = PBXBuildFile; fileRef = 814B93F21C820AFD00E72D72 /* Gabino.swift */; };
		814B93F51C820BFC00E72D72 /* FrostWyvern.swift in Sources */ = {isa = PBXBuildFile; fileRef = 814B93F41C820BFC00E72D72 /* FrostWyvern.swift */; };
		81519AA81C7F923900D6E6E7 /* CGFloat+Extensions.swift in Sources */ = {isa = PBXBuildFile; fileRef = 81519A9C1C7F923900D6E6E7 /* CGFloat+Extensions.swift */; };
		81519AA91C7F923900D6E6E7 /* CGPoint+Extensions.swift in Sources */ = {isa = PBXBuildFile; fileRef = 81519A9D1C7F923900D6E6E7 /* CGPoint+Extensions.swift */; };
		81519AAA1C7F923900D6E6E7 /* CGVector+Extensions.swift in Sources */ = {isa = PBXBuildFile; fileRef = 81519A9E1C7F923900D6E6E7 /* CGVector+Extensions.swift */; };
		81519AAB1C7F923900D6E6E7 /* Int+Extensions.swift in Sources */ = {isa = PBXBuildFile; fileRef = 81519A9F1C7F923900D6E6E7 /* Int+Extensions.swift */; };
		81519AAC1C7F923900D6E6E7 /* SKAction+Extensions.swift in Sources */ = {isa = PBXBuildFile; fileRef = 81519AA01C7F923900D6E6E7 /* SKAction+Extensions.swift */; };
		81519AAD1C7F923900D6E6E7 /* SKAction+SpecialEffects.swift in Sources */ = {isa = PBXBuildFile; fileRef = 81519AA11C7F923900D6E6E7 /* SKAction+SpecialEffects.swift */; };
		81519AAE1C7F923900D6E6E7 /* SKColor+Extensions.swift in Sources */ = {isa = PBXBuildFile; fileRef = 81519AA21C7F923900D6E6E7 /* SKColor+Extensions.swift */; };
		81519AAF1C7F923900D6E6E7 /* SKNode+Extensions.swift in Sources */ = {isa = PBXBuildFile; fileRef = 81519AA31C7F923900D6E6E7 /* SKNode+Extensions.swift */; };
		81519AB01C7F923900D6E6E7 /* SKTAudio.swift in Sources */ = {isa = PBXBuildFile; fileRef = 81519AA41C7F923900D6E6E7 /* SKTAudio.swift */; };
		81519AB11C7F923900D6E6E7 /* SKTEffects.swift in Sources */ = {isa = PBXBuildFile; fileRef = 81519AA51C7F923900D6E6E7 /* SKTEffects.swift */; };
		81519AB21C7F923900D6E6E7 /* SKTTimingFunctions.swift in Sources */ = {isa = PBXBuildFile; fileRef = 81519AA61C7F923900D6E6E7 /* SKTTimingFunctions.swift */; };
		81519AB31C7F923900D6E6E7 /* Vector3.swift in Sources */ = {isa = PBXBuildFile; fileRef = 81519AA71C7F923900D6E6E7 /* Vector3.swift */; };
		81ABA1F21C7E2C02009EA660 /* WildFire.swift in Sources */ = {isa = PBXBuildFile; fileRef = 81ABA1F11C7E2C02009EA660 /* WildFire.swift */; };
		81AD02D91C76897700B6C5DC /* DBPathRecognizer.swift in Sources */ = {isa = PBXBuildFile; fileRef = 81AD02D81C76897700B6C5DC /* DBPathRecognizer.swift */; };
		81AD02DB1C768F3200B6C5DC /* RenderView.swift in Sources */ = {isa = PBXBuildFile; fileRef = 81AD02DA1C768F3200B6C5DC /* RenderView.swift */; };
		81AD02E51C76B92B00B6C5DC /* Character.swift in Sources */ = {isa = PBXBuildFile; fileRef = 81AD02E21C76B92B00B6C5DC /* Character.swift */; };
		81AD02E61C76B92B00B6C5DC /* Monster.swift in Sources */ = {isa = PBXBuildFile; fileRef = 81AD02E31C76B92B00B6C5DC /* Monster.swift */; };
		81AD02E71C76B92B00B6C5DC /* Player.swift in Sources */ = {isa = PBXBuildFile; fileRef = 81AD02E41C76B92B00B6C5DC /* Player.swift */; };
		81AD02EC1C76B94B00B6C5DC /* Skill.swift in Sources */ = {isa = PBXBuildFile; fileRef = 81AD02EA1C76B94B00B6C5DC /* Skill.swift */; };
		81AD02ED1C76B94B00B6C5DC /* CottonFlare.swift in Sources */ = {isa = PBXBuildFile; fileRef = 81AD02EB1C76B94B00B6C5DC /* CottonFlare.swift */; };
		81AD031C1C7AE25D00B6C5DC /* SpiderWeb.swift in Sources */ = {isa = PBXBuildFile; fileRef = 81AD031B1C7AE25D00B6C5DC /* SpiderWeb.swift */; };
		81AD03221C7AE5C000B6C5DC /* spider_web.atlas in Resources */ = {isa = PBXBuildFile; fileRef = 81AD03211C7AE5C000B6C5DC /* spider_web.atlas */; };
		81AD03241C7AE6F200B6C5DC /* FabricMaster.swift in Sources */ = {isa = PBXBuildFile; fileRef = 81AD03231C7AE6F200B6C5DC /* FabricMaster.swift */; };
		81C188A01C83E2BD00F05BAB /* dataModel.xcdatamodeld in Sources */ = {isa = PBXBuildFile; fileRef = 81C1889E1C83E2BD00F05BAB /* dataModel.xcdatamodeld */; };
		81C188A41C84C7DF00F05BAB /* Tiles.atlas in Resources */ = {isa = PBXBuildFile; fileRef = 81C188A31C84C7DF00F05BAB /* Tiles.atlas */; };
		81C188A81C84C93200F05BAB /* LevelHelper.swift in Sources */ = {isa = PBXBuildFile; fileRef = 81C188A71C84C93200F05BAB /* LevelHelper.swift */; };
		81C188AC1C84DE5200F05BAB /* WorldMapScene.swift in Sources */ = {isa = PBXBuildFile; fileRef = 81C188AB1C84DE5200F05BAB /* WorldMapScene.swift */; };
		81C188B01C85289000F05BAB /* player.atlas in Resources */ = {isa = PBXBuildFile; fileRef = 81C188AF1C85289000F05BAB /* player.atlas */; };
		81C188B31C852B2E00F05BAB /* PlayerEntity.swift in Sources */ = {isa = PBXBuildFile; fileRef = 81C188B21C852B2E00F05BAB /* PlayerEntity.swift */; };
		81C188B61C852B7100F05BAB /* SpriteComponent.swift in Sources */ = {isa = PBXBuildFile; fileRef = 81C188B51C852B7100F05BAB /* SpriteComponent.swift */; };
		81C188B81C852C9100F05BAB /* AnimationComponent.swift in Sources */ = {isa = PBXBuildFile; fileRef = 81C188B71C852C9100F05BAB /* AnimationComponent.swift */; };
		81C188BA1C852CB000F05BAB /* GameSettings.swift in Sources */ = {isa = PBXBuildFile; fileRef = 81C188B91C852CB000F05BAB /* GameSettings.swift */; };
		81C188BC1C852FA900F05BAB /* PlayerMoveComponent.swift in Sources */ = {isa = PBXBuildFile; fileRef = 81C188BB1C852FA900F05BAB /* PlayerMoveComponent.swift */; };
		81D939AD1C7E8DA900E3313A /* SilkTrick.swift in Sources */ = {isa = PBXBuildFile; fileRef = 81D939AC1C7E8DA900E3313A /* SilkTrick.swift */; };
		973FD5D21C857D1A00B72B23 /* StoryScene.swift in Sources */ = {isa = PBXBuildFile; fileRef = 973FD5D11C857D1A00B72B23 /* StoryScene.swift */; };
		973FD5D41C8590E800B72B23 /* Remember.mp3 in Resources */ = {isa = PBXBuildFile; fileRef = 973FD5D31C8590E800B72B23 /* Remember.mp3 */; };
		97E510071C73E6940034B575 /* AppDelegate.swift in Sources */ = {isa = PBXBuildFile; fileRef = 97E510061C73E6940034B575 /* AppDelegate.swift */; };
		97E5100B1C73E6940034B575 /* GameScene.swift in Sources */ = {isa = PBXBuildFile; fileRef = 97E5100A1C73E6940034B575 /* GameScene.swift */; };
		97E5100D1C73E6940034B575 /* GameViewController.swift in Sources */ = {isa = PBXBuildFile; fileRef = 97E5100C1C73E6940034B575 /* GameViewController.swift */; };
		97E510101C73E6940034B575 /* Main.storyboard in Resources */ = {isa = PBXBuildFile; fileRef = 97E5100E1C73E6940034B575 /* Main.storyboard */; };
		97E510121C73E6940034B575 /* Assets.xcassets in Resources */ = {isa = PBXBuildFile; fileRef = 97E510111C73E6940034B575 /* Assets.xcassets */; };
		97E510151C73E6940034B575 /* LaunchScreen.storyboard in Resources */ = {isa = PBXBuildFile; fileRef = 97E510131C73E6940034B575 /* LaunchScreen.storyboard */; };
		97E5102E1C80FDF80034B575 /* Desert Battle (Loop).mp3 in Resources */ = {isa = PBXBuildFile; fileRef = 97E5102D1C80FDF80034B575 /* Desert Battle (Loop).mp3 */; };
		97E510321C8149DD0034B575 /* MainMenuScene.swift in Sources */ = {isa = PBXBuildFile; fileRef = 97E510311C8149DD0034B575 /* MainMenuScene.swift */; };
		97E510341C82698D0034B575 /* Good Memories.mp3 in Resources */ = {isa = PBXBuildFile; fileRef = 97E510331C82698D0034B575 /* Good Memories.mp3 */; };
		97E510361C827CB90034B575 /* Victory Fanfare.mp3 in Resources */ = {isa = PBXBuildFile; fileRef = 97E510351C827CB90034B575 /* Victory Fanfare.mp3 */; };
/* End PBXBuildFile section */

/* Begin PBXFileReference section */
		7B108ECD1C779A21003FC7EE /* GameOverScene.swift */ = {isa = PBXFileReference; fileEncoding = 4; lastKnownFileType = sourcecode.swift; path = GameOverScene.swift; sourceTree = "<group>"; };
		7B108F031C7BC262003FC7EE /* waterBucket.atlas */ = {isa = PBXFileReference; lastKnownFileType = folder.skatlas; name = waterBucket.atlas; path = ../waterBucket.atlas; sourceTree = "<group>"; };
		7B108F0A1C7BC39C003FC7EE /* cottonBlaze.wav */ = {isa = PBXFileReference; lastKnownFileType = audio.wav; path = cottonBlaze.wav; sourceTree = "<group>"; };
		7B108F0B1C7BC39C003FC7EE /* hitCritical.wav */ = {isa = PBXFileReference; lastKnownFileType = audio.wav; path = hitCritical.wav; sourceTree = "<group>"; };
		7B108F0C1C7BC39C003FC7EE /* hitNormal.wav */ = {isa = PBXFileReference; lastKnownFileType = audio.wav; path = hitNormal.wav; sourceTree = "<group>"; };
		7B108F0D1C7BC39C003FC7EE /* kusanagiNoTsurugi.wav */ = {isa = PBXFileReference; lastKnownFileType = audio.wav; path = kusanagiNoTsurugi.wav; sourceTree = "<group>"; };
		7B108F0E1C7BC39C003FC7EE /* mortarSound.wav */ = {isa = PBXFileReference; lastKnownFileType = audio.wav; path = mortarSound.wav; sourceTree = "<group>"; };
		7B108F0F1C7BC39C003FC7EE /* silkTrick.wav */ = {isa = PBXFileReference; lastKnownFileType = audio.wav; path = silkTrick.wav; sourceTree = "<group>"; };
		7B108F101C7BC39C003FC7EE /* waterSound.wav */ = {isa = PBXFileReference; lastKnownFileType = audio.wav; path = waterSound.wav; sourceTree = "<group>"; };
		7B108F111C7BC39C003FC7EE /* whipCritical.wav */ = {isa = PBXFileReference; lastKnownFileType = audio.wav; path = whipCritical.wav; sourceTree = "<group>"; };
		7B108F121C7BC39C003FC7EE /* whipNormal.wav */ = {isa = PBXFileReference; lastKnownFileType = audio.wav; path = whipNormal.wav; sourceTree = "<group>"; };
		7B108F201C7BC3E5003FC7EE /* slash.atlas */ = {isa = PBXFileReference; lastKnownFileType = folder.skatlas; path = slash.atlas; sourceTree = "<group>"; };
		7B108F221C7BC3F3003FC7EE /* slashCritical.atlas */ = {isa = PBXFileReference; lastKnownFileType = folder.skatlas; path = slashCritical.atlas; sourceTree = "<group>"; };
		7B108F241C7BC450003FC7EE /* CottonBlaze.swift */ = {isa = PBXFileReference; fileEncoding = 4; lastKnownFileType = sourcecode.swift; path = CottonBlaze.swift; sourceTree = "<group>"; };
		7B108F261C7BC8C8003FC7EE /* KusanagiNoTsurugi.swift */ = {isa = PBXFileReference; fileEncoding = 4; lastKnownFileType = sourcecode.swift; path = KusanagiNoTsurugi.swift; sourceTree = "<group>"; };
		7B31A7341C8005DE0071EC35 /* boss3.png */ = {isa = PBXFileReference; lastKnownFileType = image.png; path = boss3.png; sourceTree = "<group>"; };
		7B31A7351C8005DE0071EC35 /* boss3Thread.png */ = {isa = PBXFileReference; lastKnownFileType = image.png; path = boss3Thread.png; sourceTree = "<group>"; };
		7B31A7381C8005EB0071EC35 /* boss4.png */ = {isa = PBXFileReference; lastKnownFileType = image.png; path = boss4.png; sourceTree = "<group>"; };
		7B31A7391C8005EB0071EC35 /* boss4Thread.png */ = {isa = PBXFileReference; lastKnownFileType = image.png; path = boss4Thread.png; sourceTree = "<group>"; };
		7B31A7401C8009700071EC35 /* boss1Leg.png */ = {isa = PBXFileReference; lastKnownFileType = image.png; path = boss1Leg.png; sourceTree = "<group>"; };
		7B31A7431C80122B0071EC35 /* boss1.png */ = {isa = PBXFileReference; lastKnownFileType = image.png; path = boss1.png; sourceTree = "<group>"; };
		7B31A7491C80E6680071EC35 /* bg1.png */ = {isa = PBXFileReference; lastKnownFileType = image.png; path = bg1.png; sourceTree = "<group>"; };
		7B378D9C1C7E31B600169D94 /* mainCharacter.atlas */ = {isa = PBXFileReference; lastKnownFileType = folder.skatlas; name = mainCharacter.atlas; path = ../mainCharacter.atlas; sourceTree = "<group>"; };
		7B378DAE1C7E6C5400169D94 /* dragonLeftWing.png */ = {isa = PBXFileReference; lastKnownFileType = image.png; path = dragonLeftWing.png; sourceTree = "<group>"; };
		7B378DAF1C7E6C5400169D94 /* dragonRightWing.png */ = {isa = PBXFileReference; lastKnownFileType = image.png; path = dragonRightWing.png; sourceTree = "<group>"; };
		7B3C15291C83D59600BEB2D1 /* SpellBook.png */ = {isa = PBXFileReference; lastKnownFileType = image.png; path = SpellBook.png; sourceTree = "<group>"; };
		7B3C152B1C8408A400BEB2D1 /* cancelButton.png */ = {isa = PBXFileReference; lastKnownFileType = image.png; path = cancelButton.png; sourceTree = "<group>"; };
		7B3C152D1C84149C00BEB2D1 /* SpellBookClosed.png */ = {isa = PBXFileReference; lastKnownFileType = image.png; name = SpellBookClosed.png; path = ../SpellBookClosed.png; sourceTree = "<group>"; };
		7B72CBA31C84BAEF006563B9 /* dragonBody.png */ = {isa = PBXFileReference; lastKnownFileType = image.png; path = dragonBody.png; sourceTree = "<group>"; };
		7B72CBA91C84E7B3006563B9 /* cobra.png */ = {isa = PBXFileReference; lastKnownFileType = image.png; path = cobra.png; sourceTree = "<group>"; };
		7B72CBAA1C84E7B3006563B9 /* demon.png */ = {isa = PBXFileReference; lastKnownFileType = image.png; path = demon.png; sourceTree = "<group>"; };
		7B72CBAB1C84E7B3006563B9 /* golem.png */ = {isa = PBXFileReference; lastKnownFileType = image.png; path = golem.png; sourceTree = "<group>"; };
		7B72CBAC1C84E7B3006563B9 /* knight.png */ = {isa = PBXFileReference; lastKnownFileType = image.png; path = knight.png; sourceTree = "<group>"; };
		7B72CBAD1C84E7B3006563B9 /* ogre.png */ = {isa = PBXFileReference; lastKnownFileType = image.png; path = ogre.png; sourceTree = "<group>"; };
		7B72CBAE1C84E7B3006563B9 /* sister.png */ = {isa = PBXFileReference; lastKnownFileType = image.png; path = sister.png; sourceTree = "<group>"; };
		7B72CBAF1C84E7B3006563B9 /* tengu.png */ = {isa = PBXFileReference; lastKnownFileType = image.png; path = tengu.png; sourceTree = "<group>"; };
		7B72CBB01C84E7B3006563B9 /* wolf.png */ = {isa = PBXFileReference; lastKnownFileType = image.png; path = wolf.png; sourceTree = "<group>"; };
		7B72CBBC1C84F6A1006563B9 /* VenomViper.swift */ = {isa = PBXFileReference; fileEncoding = 4; lastKnownFileType = sourcecode.swift; name = VenomViper.swift; path = ../VenomViper.swift; sourceTree = "<group>"; };
		7B72CBC01C84F6F0006563B9 /* WickedElder.swift */ = {isa = PBXFileReference; fileEncoding = 4; lastKnownFileType = sourcecode.swift; name = WickedElder.swift; path = ../WickedElder.swift; sourceTree = "<group>"; };
		7B72CBC41C84F707006563B9 /* Megalith.swift */ = {isa = PBXFileReference; fileEncoding = 4; lastKnownFileType = sourcecode.swift; name = Megalith.swift; path = ../Megalith.swift; sourceTree = "<group>"; };
		7B72CBC61C84F70F006563B9 /* UndeadKnight.swift */ = {isa = PBXFileReference; fileEncoding = 4; lastKnownFileType = sourcecode.swift; name = UndeadKnight.swift; path = ../UndeadKnight.swift; sourceTree = "<group>"; };
		7B72CBC81C84F716006563B9 /* OgreFiend.swift */ = {isa = PBXFileReference; fileEncoding = 4; lastKnownFileType = sourcecode.swift; name = OgreFiend.swift; path = ../OgreFiend.swift; sourceTree = "<group>"; };
		7B72CBCA1C84F71D006563B9 /* Sorcerer.swift */ = {isa = PBXFileReference; fileEncoding = 4; lastKnownFileType = sourcecode.swift; name = Sorcerer.swift; path = ../Sorcerer.swift; sourceTree = "<group>"; };
		7B72CBCC1C84F724006563B9 /* DemonTengu.swift */ = {isa = PBXFileReference; fileEncoding = 4; lastKnownFileType = sourcecode.swift; name = DemonTengu.swift; path = ../DemonTengu.swift; sourceTree = "<group>"; };
		7B72CBCE1C84F728006563B9 /* Kiba.swift */ = {isa = PBXFileReference; fileEncoding = 4; lastKnownFileType = sourcecode.swift; name = Kiba.swift; path = ../Kiba.swift; sourceTree = "<group>"; };
		7B72CBD01C85116F006563B9 /* arrow.png */ = {isa = PBXFileReference; lastKnownFileType = image.png; path = arrow.png; sourceTree = "<group>"; };
		7B72CBD11C85116F006563B9 /* arrowReverse.png */ = {isa = PBXFileReference; lastKnownFileType = image.png; path = arrowReverse.png; sourceTree = "<group>"; };
		7B72CBD61C85901F006563B9 /* SpellBookClosed.swift */ = {isa = PBXFileReference; fileEncoding = 4; lastKnownFileType = sourcecode.swift; path = SpellBookClosed.swift; sourceTree = "<group>"; };
		7B8BAEE11C765CE9001C1834 /* RootViewController.swift */ = {isa = PBXFileReference; fileEncoding = 4; lastKnownFileType = sourcecode.swift; path = RootViewController.swift; sourceTree = "<group>"; };
		7B8BAEEB1C766051001C1834 /* mc.atlas */ = {isa = PBXFileReference; lastKnownFileType = folder.skatlas; path = mc.atlas; sourceTree = "<group>"; };
		7B8BAEF01C7662EE001C1834 /* fabricMaster1.atlas */ = {isa = PBXFileReference; lastKnownFileType = folder.skatlas; path = fabricMaster1.atlas; sourceTree = "<group>"; };
		7B8F06D81C82695A008E3509 /* boss2Thread.png */ = {isa = PBXFileReference; lastKnownFileType = image.png; path = boss2Thread.png; sourceTree = "<group>"; };
		7B8F06E61C82719A008E3509 /* leftWhip.png */ = {isa = PBXFileReference; lastKnownFileType = image.png; path = leftWhip.png; sourceTree = "<group>"; };
		7B8F06E71C82719A008E3509 /* rightWhip.png */ = {isa = PBXFileReference; lastKnownFileType = image.png; path = rightWhip.png; sourceTree = "<group>"; };
		7B8F06EA1C8274F8008E3509 /* boss2.png */ = {isa = PBXFileReference; lastKnownFileType = image.png; path = boss2.png; sourceTree = "<group>"; };
		7B8F06EC1C829F90008E3509 /* enemyHealthBar.png */ = {isa = PBXFileReference; lastKnownFileType = image.png; path = enemyHealthBar.png; sourceTree = "<group>"; };
		7B8F06ED1C829F90008E3509 /* health2.png */ = {isa = PBXFileReference; lastKnownFileType = image.png; path = health2.png; sourceTree = "<group>"; };
		7B8F06EE1C829F90008E3509 /* healthBar2.png */ = {isa = PBXFileReference; lastKnownFileType = image.png; path = healthBar2.png; sourceTree = "<group>"; };
		7B8F06F41C82A079008E3509 /* Edan.swift */ = {isa = PBXFileReference; fileEncoding = 4; lastKnownFileType = sourcecode.swift; path = Edan.swift; sourceTree = "<group>"; };
		813C38E21C80ED1C001F9DB8 /* Whip.swift */ = {isa = PBXFileReference; fileEncoding = 4; lastKnownFileType = sourcecode.swift; name = Whip.swift; path = Skills/Whip.swift; sourceTree = "<group>"; };
		813C38E41C80EDE4001F9DB8 /* aegisLastStand.atlas */ = {isa = PBXFileReference; lastKnownFileType = folder.skatlas; name = aegisLastStand.atlas; path = skillAnimations/aegisLastStand.atlas; sourceTree = "<group>"; };
		813C38E51C80EDE4001F9DB8 /* aramidGuard.atlas */ = {isa = PBXFileReference; lastKnownFileType = folder.skatlas; name = aramidGuard.atlas; path = skillAnimations/aramidGuard.atlas; sourceTree = "<group>"; };
		813C38E61C80EDE4001F9DB8 /* aramidWard.atlas */ = {isa = PBXFileReference; lastKnownFileType = folder.skatlas; name = aramidWard.atlas; path = skillAnimations/aramidWard.atlas; sourceTree = "<group>"; };
		813C38E71C80EDE4001F9DB8 /* constrict.atlas */ = {isa = PBXFileReference; lastKnownFileType = folder.skatlas; name = constrict.atlas; path = skillAnimations/constrict.atlas; sourceTree = "<group>"; };
		813C38E81C80EDE4001F9DB8 /* cottonBlaze.atlas */ = {isa = PBXFileReference; lastKnownFileType = folder.skatlas; name = cottonBlaze.atlas; path = skillAnimations/cottonBlaze.atlas; sourceTree = "<group>"; };
		813C38E91C80EDE4001F9DB8 /* cottonFlare.atlas */ = {isa = PBXFileReference; lastKnownFileType = folder.skatlas; name = cottonFlare.atlas; path = skillAnimations/cottonFlare.atlas; sourceTree = "<group>"; };
		813C38EA1C80EDE4001F9DB8 /* kusanagiNoTsurugi.atlas */ = {isa = PBXFileReference; lastKnownFileType = folder.skatlas; name = kusanagiNoTsurugi.atlas; path = skillAnimations/kusanagiNoTsurugi.atlas; sourceTree = "<group>"; };
		813C38EB1C80EDE4001F9DB8 /* pieceDeResistance.atlas */ = {isa = PBXFileReference; lastKnownFileType = folder.skatlas; name = pieceDeResistance.atlas; path = skillAnimations/pieceDeResistance.atlas; sourceTree = "<group>"; };
		813C38EC1C80EDE4001F9DB8 /* rayonBash.atlas */ = {isa = PBXFileReference; lastKnownFileType = folder.skatlas; name = rayonBash.atlas; path = skillAnimations/rayonBash.atlas; sourceTree = "<group>"; };
		813C38ED1C80EDE4001F9DB8 /* rayonStrike.atlas */ = {isa = PBXFileReference; lastKnownFileType = folder.skatlas; name = rayonStrike.atlas; path = skillAnimations/rayonStrike.atlas; sourceTree = "<group>"; };
		813C38EE1C80EDE4001F9DB8 /* silkDaze.atlas */ = {isa = PBXFileReference; lastKnownFileType = folder.skatlas; name = silkDaze.atlas; path = skillAnimations/silkDaze.atlas; sourceTree = "<group>"; };
		813C38EF1C80EDE4001F9DB8 /* silkTrick.atlas */ = {isa = PBXFileReference; lastKnownFileType = folder.skatlas; name = silkTrick.atlas; path = skillAnimations/silkTrick.atlas; sourceTree = "<group>"; };
		813C38F01C80EDE4001F9DB8 /* thrash.atlas */ = {isa = PBXFileReference; lastKnownFileType = folder.skatlas; name = thrash.atlas; path = skillAnimations/thrash.atlas; sourceTree = "<group>"; };
		813C38F11C80EDE4001F9DB8 /* whip.atlas */ = {isa = PBXFileReference; lastKnownFileType = folder.skatlas; name = whip.atlas; path = skillAnimations/whip.atlas; sourceTree = "<group>"; };
		813C38F21C80EDE4001F9DB8 /* wildFire.atlas */ = {isa = PBXFileReference; lastKnownFileType = folder.skatlas; name = wildFire.atlas; path = skillAnimations/wildFire.atlas; sourceTree = "<group>"; };
		813C39021C80EEB5001F9DB8 /* SilkDaze.swift */ = {isa = PBXFileReference; fileEncoding = 4; lastKnownFileType = sourcecode.swift; name = SilkDaze.swift; path = Skills/SilkDaze.swift; sourceTree = "<group>"; };
		813C39041C80EF02001F9DB8 /* PieceDeResistance.swift */ = {isa = PBXFileReference; fileEncoding = 4; lastKnownFileType = sourcecode.swift; name = PieceDeResistance.swift; path = Skills/PieceDeResistance.swift; sourceTree = "<group>"; };
		813C39061C80F02D001F9DB8 /* AramidWard.swift */ = {isa = PBXFileReference; fileEncoding = 4; lastKnownFileType = sourcecode.swift; name = AramidWard.swift; path = Skills/AramidWard.swift; sourceTree = "<group>"; };
		813C39081C80F08C001F9DB8 /* AramidGuard.swift */ = {isa = PBXFileReference; fileEncoding = 4; lastKnownFileType = sourcecode.swift; name = AramidGuard.swift; path = Skills/AramidGuard.swift; sourceTree = "<group>"; };
		813C390A1C80F0EC001F9DB8 /* AegisLastStand.swift */ = {isa = PBXFileReference; fileEncoding = 4; lastKnownFileType = sourcecode.swift; name = AegisLastStand.swift; path = Skills/AegisLastStand.swift; sourceTree = "<group>"; };
		813C390C1C80F199001F9DB8 /* RayonStrike.swift */ = {isa = PBXFileReference; fileEncoding = 4; lastKnownFileType = sourcecode.swift; name = RayonStrike.swift; path = Skills/RayonStrike.swift; sourceTree = "<group>"; };
		813C390E1C80F215001F9DB8 /* RayonBash.swift */ = {isa = PBXFileReference; fileEncoding = 4; lastKnownFileType = sourcecode.swift; name = RayonBash.swift; path = Skills/RayonBash.swift; sourceTree = "<group>"; };
		813C39101C80FCE3001F9DB8 /* LogBase.swift */ = {isa = PBXFileReference; fileEncoding = 4; lastKnownFileType = sourcecode.swift; path = LogBase.swift; sourceTree = "<group>"; };
		813C39141C81594D001F9DB8 /* Charon.swift */ = {isa = PBXFileReference; fileEncoding = 4; lastKnownFileType = sourcecode.swift; name = Charon.swift; path = Models/Charon.swift; sourceTree = "<group>"; };
		814B93F01C8206EB00E72D72 /* Oinari.swift */ = {isa = PBXFileReference; fileEncoding = 4; lastKnownFileType = sourcecode.swift; name = Oinari.swift; path = Models/Oinari.swift; sourceTree = "<group>"; };
		814B93F21C820AFD00E72D72 /* Gabino.swift */ = {isa = PBXFileReference; fileEncoding = 4; lastKnownFileType = sourcecode.swift; name = Gabino.swift; path = Models/Gabino.swift; sourceTree = "<group>"; };
		814B93F41C820BFC00E72D72 /* FrostWyvern.swift */ = {isa = PBXFileReference; fileEncoding = 4; lastKnownFileType = sourcecode.swift; path = FrostWyvern.swift; sourceTree = "<group>"; };
		81519A9C1C7F923900D6E6E7 /* CGFloat+Extensions.swift */ = {isa = PBXFileReference; fileEncoding = 4; lastKnownFileType = sourcecode.swift; path = "CGFloat+Extensions.swift"; sourceTree = "<group>"; };
		81519A9D1C7F923900D6E6E7 /* CGPoint+Extensions.swift */ = {isa = PBXFileReference; fileEncoding = 4; lastKnownFileType = sourcecode.swift; path = "CGPoint+Extensions.swift"; sourceTree = "<group>"; };
		81519A9E1C7F923900D6E6E7 /* CGVector+Extensions.swift */ = {isa = PBXFileReference; fileEncoding = 4; lastKnownFileType = sourcecode.swift; path = "CGVector+Extensions.swift"; sourceTree = "<group>"; };
		81519A9F1C7F923900D6E6E7 /* Int+Extensions.swift */ = {isa = PBXFileReference; fileEncoding = 4; lastKnownFileType = sourcecode.swift; path = "Int+Extensions.swift"; sourceTree = "<group>"; };
		81519AA01C7F923900D6E6E7 /* SKAction+Extensions.swift */ = {isa = PBXFileReference; fileEncoding = 4; lastKnownFileType = sourcecode.swift; path = "SKAction+Extensions.swift"; sourceTree = "<group>"; };
		81519AA11C7F923900D6E6E7 /* SKAction+SpecialEffects.swift */ = {isa = PBXFileReference; fileEncoding = 4; lastKnownFileType = sourcecode.swift; path = "SKAction+SpecialEffects.swift"; sourceTree = "<group>"; };
		81519AA21C7F923900D6E6E7 /* SKColor+Extensions.swift */ = {isa = PBXFileReference; fileEncoding = 4; lastKnownFileType = sourcecode.swift; path = "SKColor+Extensions.swift"; sourceTree = "<group>"; };
		81519AA31C7F923900D6E6E7 /* SKNode+Extensions.swift */ = {isa = PBXFileReference; fileEncoding = 4; lastKnownFileType = sourcecode.swift; path = "SKNode+Extensions.swift"; sourceTree = "<group>"; };
		81519AA41C7F923900D6E6E7 /* SKTAudio.swift */ = {isa = PBXFileReference; fileEncoding = 4; lastKnownFileType = sourcecode.swift; path = SKTAudio.swift; sourceTree = "<group>"; };
		81519AA51C7F923900D6E6E7 /* SKTEffects.swift */ = {isa = PBXFileReference; fileEncoding = 4; lastKnownFileType = sourcecode.swift; path = SKTEffects.swift; sourceTree = "<group>"; };
		81519AA61C7F923900D6E6E7 /* SKTTimingFunctions.swift */ = {isa = PBXFileReference; fileEncoding = 4; lastKnownFileType = sourcecode.swift; path = SKTTimingFunctions.swift; sourceTree = "<group>"; };
		81519AA71C7F923900D6E6E7 /* Vector3.swift */ = {isa = PBXFileReference; fileEncoding = 4; lastKnownFileType = sourcecode.swift; path = Vector3.swift; sourceTree = "<group>"; };
		81ABA1F11C7E2C02009EA660 /* WildFire.swift */ = {isa = PBXFileReference; fileEncoding = 4; lastKnownFileType = sourcecode.swift; name = WildFire.swift; path = Skills/WildFire.swift; sourceTree = "<group>"; };
		81AD02D81C76897700B6C5DC /* DBPathRecognizer.swift */ = {isa = PBXFileReference; fileEncoding = 4; lastKnownFileType = sourcecode.swift; path = DBPathRecognizer.swift; sourceTree = "<group>"; };
		81AD02DA1C768F3200B6C5DC /* RenderView.swift */ = {isa = PBXFileReference; fileEncoding = 4; lastKnownFileType = sourcecode.swift; path = RenderView.swift; sourceTree = "<group>"; };
		81AD02DC1C76930500B6C5DC /* CoreGraphics.framework */ = {isa = PBXFileReference; lastKnownFileType = wrapper.framework; name = CoreGraphics.framework; path = System/Library/Frameworks/CoreGraphics.framework; sourceTree = SDKROOT; };
		81AD02E21C76B92B00B6C5DC /* Character.swift */ = {isa = PBXFileReference; fileEncoding = 4; lastKnownFileType = sourcecode.swift; name = Character.swift; path = Models/Character.swift; sourceTree = "<group>"; };
		81AD02E31C76B92B00B6C5DC /* Monster.swift */ = {isa = PBXFileReference; fileEncoding = 4; lastKnownFileType = sourcecode.swift; name = Monster.swift; path = Models/Monster.swift; sourceTree = "<group>"; };
		81AD02E41C76B92B00B6C5DC /* Player.swift */ = {isa = PBXFileReference; fileEncoding = 4; lastKnownFileType = sourcecode.swift; name = Player.swift; path = Models/Player.swift; sourceTree = "<group>"; };
		81AD02EA1C76B94B00B6C5DC /* Skill.swift */ = {isa = PBXFileReference; fileEncoding = 4; lastKnownFileType = sourcecode.swift; name = Skill.swift; path = Skills/Skill.swift; sourceTree = "<group>"; };
		81AD02EB1C76B94B00B6C5DC /* CottonFlare.swift */ = {isa = PBXFileReference; fileEncoding = 4; lastKnownFileType = sourcecode.swift; name = CottonFlare.swift; path = Skills/CottonFlare.swift; sourceTree = "<group>"; };
		81AD031B1C7AE25D00B6C5DC /* SpiderWeb.swift */ = {isa = PBXFileReference; fileEncoding = 4; lastKnownFileType = sourcecode.swift; name = SpiderWeb.swift; path = Skills/SpiderWeb.swift; sourceTree = "<group>"; };
		81AD03211C7AE5C000B6C5DC /* spider_web.atlas */ = {isa = PBXFileReference; lastKnownFileType = folder.skatlas; path = spider_web.atlas; sourceTree = "<group>"; };
		81AD03231C7AE6F200B6C5DC /* FabricMaster.swift */ = {isa = PBXFileReference; fileEncoding = 4; lastKnownFileType = sourcecode.swift; name = FabricMaster.swift; path = Models/FabricMaster.swift; sourceTree = "<group>"; };
		81C1889F1C83E2BD00F05BAB /* dataModel.xcdatamodel */ = {isa = PBXFileReference; lastKnownFileType = wrapper.xcdatamodel; path = dataModel.xcdatamodel; sourceTree = "<group>"; };
		81C188A31C84C7DF00F05BAB /* Tiles.atlas */ = {isa = PBXFileReference; lastKnownFileType = folder.skatlas; path = Tiles.atlas; sourceTree = "<group>"; };
		81C188A71C84C93200F05BAB /* LevelHelper.swift */ = {isa = PBXFileReference; fileEncoding = 4; lastKnownFileType = sourcecode.swift; path = LevelHelper.swift; sourceTree = "<group>"; };
		81C188AB1C84DE5200F05BAB /* WorldMapScene.swift */ = {isa = PBXFileReference; fileEncoding = 4; lastKnownFileType = sourcecode.swift; path = WorldMapScene.swift; sourceTree = "<group>"; };
		81C188AF1C85289000F05BAB /* player.atlas */ = {isa = PBXFileReference; lastKnownFileType = folder.skatlas; path = player.atlas; sourceTree = "<group>"; };
		81C188B21C852B2E00F05BAB /* PlayerEntity.swift */ = {isa = PBXFileReference; fileEncoding = 4; lastKnownFileType = sourcecode.swift; path = PlayerEntity.swift; sourceTree = "<group>"; };
		81C188B51C852B7100F05BAB /* SpriteComponent.swift */ = {isa = PBXFileReference; fileEncoding = 4; lastKnownFileType = sourcecode.swift; path = SpriteComponent.swift; sourceTree = "<group>"; };
		81C188B71C852C9100F05BAB /* AnimationComponent.swift */ = {isa = PBXFileReference; fileEncoding = 4; lastKnownFileType = sourcecode.swift; path = AnimationComponent.swift; sourceTree = "<group>"; };
		81C188B91C852CB000F05BAB /* GameSettings.swift */ = {isa = PBXFileReference; fileEncoding = 4; lastKnownFileType = sourcecode.swift; path = GameSettings.swift; sourceTree = "<group>"; };
		81C188BB1C852FA900F05BAB /* PlayerMoveComponent.swift */ = {isa = PBXFileReference; fileEncoding = 4; lastKnownFileType = sourcecode.swift; path = PlayerMoveComponent.swift; sourceTree = "<group>"; };
		81D939AC1C7E8DA900E3313A /* SilkTrick.swift */ = {isa = PBXFileReference; fileEncoding = 4; lastKnownFileType = sourcecode.swift; name = SilkTrick.swift; path = Skills/SilkTrick.swift; sourceTree = "<group>"; };
		973FD5D11C857D1A00B72B23 /* StoryScene.swift */ = {isa = PBXFileReference; fileEncoding = 4; lastKnownFileType = sourcecode.swift; path = StoryScene.swift; sourceTree = "<group>"; };
		973FD5D31C8590E800B72B23 /* Remember.mp3 */ = {isa = PBXFileReference; lastKnownFileType = audio.mp3; path = Remember.mp3; sourceTree = "<group>"; };
		97E510031C73E6940034B575 /* ThreadMagic.app */ = {isa = PBXFileReference; explicitFileType = wrapper.application; includeInIndex = 0; path = ThreadMagic.app; sourceTree = BUILT_PRODUCTS_DIR; };
		97E510061C73E6940034B575 /* AppDelegate.swift */ = {isa = PBXFileReference; lastKnownFileType = sourcecode.swift; path = AppDelegate.swift; sourceTree = "<group>"; };
		97E5100A1C73E6940034B575 /* GameScene.swift */ = {isa = PBXFileReference; lastKnownFileType = sourcecode.swift; path = GameScene.swift; sourceTree = "<group>"; };
		97E5100C1C73E6940034B575 /* GameViewController.swift */ = {isa = PBXFileReference; lastKnownFileType = sourcecode.swift; path = GameViewController.swift; sourceTree = "<group>"; };
		97E5100F1C73E6940034B575 /* Base */ = {isa = PBXFileReference; lastKnownFileType = file.storyboard; name = Base; path = Base.lproj/Main.storyboard; sourceTree = "<group>"; };
		97E510111C73E6940034B575 /* Assets.xcassets */ = {isa = PBXFileReference; lastKnownFileType = folder.assetcatalog; path = Assets.xcassets; sourceTree = "<group>"; };
		97E510141C73E6940034B575 /* Base */ = {isa = PBXFileReference; lastKnownFileType = file.storyboard; name = Base; path = Base.lproj/LaunchScreen.storyboard; sourceTree = "<group>"; };
		97E510161C73E6940034B575 /* Info.plist */ = {isa = PBXFileReference; lastKnownFileType = text.plist.xml; path = Info.plist; sourceTree = "<group>"; };
		97E5102D1C80FDF80034B575 /* Desert Battle (Loop).mp3 */ = {isa = PBXFileReference; lastKnownFileType = audio.mp3; path = "Desert Battle (Loop).mp3"; sourceTree = "<group>"; };
		97E510311C8149DD0034B575 /* MainMenuScene.swift */ = {isa = PBXFileReference; fileEncoding = 4; lastKnownFileType = sourcecode.swift; path = MainMenuScene.swift; sourceTree = "<group>"; };
		97E510331C82698D0034B575 /* Good Memories.mp3 */ = {isa = PBXFileReference; lastKnownFileType = audio.mp3; path = "Good Memories.mp3"; sourceTree = "<group>"; };
		97E510351C827CB90034B575 /* Victory Fanfare.mp3 */ = {isa = PBXFileReference; lastKnownFileType = audio.mp3; path = "Victory Fanfare.mp3"; sourceTree = "<group>"; };
/* End PBXFileReference section */

/* Begin PBXFrameworksBuildPhase section */
		97E510001C73E6940034B575 /* Frameworks */ = {
			isa = PBXFrameworksBuildPhase;
			buildActionMask = 2147483647;
			files = (
			);
			runOnlyForDeploymentPostprocessing = 0;
		};
/* End PBXFrameworksBuildPhase section */

/* Begin PBXGroup section */
		7B108F051C7BC275003FC7EE /* AttackAnimations */ = {
			isa = PBXGroup;
			children = (
				813C38E41C80EDE4001F9DB8 /* aegisLastStand.atlas */,
				813C38E51C80EDE4001F9DB8 /* aramidGuard.atlas */,
				813C38E61C80EDE4001F9DB8 /* aramidWard.atlas */,
				813C38E71C80EDE4001F9DB8 /* constrict.atlas */,
				813C38E81C80EDE4001F9DB8 /* cottonBlaze.atlas */,
				813C38E91C80EDE4001F9DB8 /* cottonFlare.atlas */,
				813C38EA1C80EDE4001F9DB8 /* kusanagiNoTsurugi.atlas */,
				813C38EB1C80EDE4001F9DB8 /* pieceDeResistance.atlas */,
				813C38EC1C80EDE4001F9DB8 /* rayonBash.atlas */,
				813C38ED1C80EDE4001F9DB8 /* rayonStrike.atlas */,
				813C38EE1C80EDE4001F9DB8 /* silkDaze.atlas */,
				813C38EF1C80EDE4001F9DB8 /* silkTrick.atlas */,
				813C38F01C80EDE4001F9DB8 /* thrash.atlas */,
				813C38F11C80EDE4001F9DB8 /* whip.atlas */,
				813C38F21C80EDE4001F9DB8 /* wildFire.atlas */,
				81AD03211C7AE5C000B6C5DC /* spider_web.atlas */,
				7B8BAEF01C7662EE001C1834 /* fabricMaster1.atlas */,
				7B8BAEEB1C766051001C1834 /* mc.atlas */,
				7B108F201C7BC3E5003FC7EE /* slash.atlas */,
				7B108F221C7BC3F3003FC7EE /* slashCritical.atlas */,
				7B108F031C7BC262003FC7EE /* waterBucket.atlas */,
			);
			name = AttackAnimations;
			sourceTree = "<group>";
		};
		7B108F081C7BC36B003FC7EE /* Battle */ = {
			isa = PBXGroup;
			children = (
				7B72CBD01C85116F006563B9 /* arrow.png */,
				7B72CBD11C85116F006563B9 /* arrowReverse.png */,
				7B3C152B1C8408A400BEB2D1 /* cancelButton.png */,
				7B3C15291C83D59600BEB2D1 /* SpellBook.png */,
				7B3C152D1C84149C00BEB2D1 /* SpellBookClosed.png */,
				7B8F06EC1C829F90008E3509 /* enemyHealthBar.png */,
				7B8F06ED1C829F90008E3509 /* health2.png */,
				7B8F06EE1C829F90008E3509 /* healthBar2.png */,
				7B31A7491C80E6680071EC35 /* bg1.png */,
			);
			name = Battle;
			sourceTree = "<group>";
		};
		7B108F091C7BC37D003FC7EE /* Sound Effects */ = {
			isa = PBXGroup;
			children = (
				973FD5D31C8590E800B72B23 /* Remember.mp3 */,
				97E510351C827CB90034B575 /* Victory Fanfare.mp3 */,
				97E510331C82698D0034B575 /* Good Memories.mp3 */,
				97E5102D1C80FDF80034B575 /* Desert Battle (Loop).mp3 */,
				7B108F0A1C7BC39C003FC7EE /* cottonBlaze.wav */,
				7B108F0B1C7BC39C003FC7EE /* hitCritical.wav */,
				7B108F0C1C7BC39C003FC7EE /* hitNormal.wav */,
				7B108F0D1C7BC39C003FC7EE /* kusanagiNoTsurugi.wav */,
				7B108F0E1C7BC39C003FC7EE /* mortarSound.wav */,
				7B108F0F1C7BC39C003FC7EE /* silkTrick.wav */,
				7B108F101C7BC39C003FC7EE /* waterSound.wav */,
				7B108F111C7BC39C003FC7EE /* whipCritical.wav */,
				7B108F121C7BC39C003FC7EE /* whipNormal.wav */,
			);
			name = "Sound Effects";
			sourceTree = "<group>";
		};
		7B31A73C1C8006210071EC35 /* boss4 */ = {
			isa = PBXGroup;
			children = (
				7B31A7381C8005EB0071EC35 /* boss4.png */,
				7B31A7391C8005EB0071EC35 /* boss4Thread.png */,
			);
			name = boss4;
			path = ..;
			sourceTree = "<group>";
		};
		7B31A73D1C8006280071EC35 /* boss3 */ = {
			isa = PBXGroup;
			children = (
				7B31A7341C8005DE0071EC35 /* boss3.png */,
				7B31A7351C8005DE0071EC35 /* boss3Thread.png */,
			);
			name = boss3;
			path = ..;
			sourceTree = "<group>";
		};
		7B31A73E1C8006370071EC35 /* boss1 */ = {
			isa = PBXGroup;
			children = (
				7B31A7431C80122B0071EC35 /* boss1.png */,
				7B31A7401C8009700071EC35 /* boss1Leg.png */,
			);
			name = boss1;
			path = ..;
			sourceTree = "<group>";
		};
		7B378DB31C7E6C5900169D94 /* dragon */ = {
			isa = PBXGroup;
			children = (
				7B72CBA31C84BAEF006563B9 /* dragonBody.png */,
				7B378DAE1C7E6C5400169D94 /* dragonLeftWing.png */,
				7B378DAF1C7E6C5400169D94 /* dragonRightWing.png */,
			);
			name = dragon;
			sourceTree = "<group>";
		};
		7B378DB41C7E6C7900169D94 /* Monsters */ = {
			isa = PBXGroup;
			children = (
				7B72CBB91C84E7BD006563B9 /* enemies */,
				7B31A73C1C8006210071EC35 /* boss4 */,
				7B31A73D1C8006280071EC35 /* boss3 */,
				7B8F06DF1C826985008E3509 /* boss2 */,
				7B31A73E1C8006370071EC35 /* boss1 */,
				7B378DB31C7E6C5900169D94 /* dragon */,
			);
			name = Monsters;
			sourceTree = "<group>";
		};
		7B72CBB91C84E7BD006563B9 /* enemies */ = {
			isa = PBXGroup;
			children = (
				7B72CBA91C84E7B3006563B9 /* cobra.png */,
				7B72CBAA1C84E7B3006563B9 /* demon.png */,
				7B72CBAB1C84E7B3006563B9 /* golem.png */,
				7B72CBAC1C84E7B3006563B9 /* knight.png */,
				7B72CBAD1C84E7B3006563B9 /* ogre.png */,
				7B72CBAE1C84E7B3006563B9 /* sister.png */,
				7B72CBAF1C84E7B3006563B9 /* tengu.png */,
				7B72CBB01C84E7B3006563B9 /* wolf.png */,
			);
			name = enemies;
			sourceTree = "<group>";
		};
		7B8BAEED1C7660C9001C1834 /* GameScene */ = {
			isa = PBXGroup;
			children = (
				97E5100A1C73E6940034B575 /* GameScene.swift */,
				97E510311C8149DD0034B575 /* MainMenuScene.swift */,
				973FD5D11C857D1A00B72B23 /* StoryScene.swift */,
				97E5100C1C73E6940034B575 /* GameViewController.swift */,
				7B108ECD1C779A21003FC7EE /* GameOverScene.swift */,
				81C188AB1C84DE5200F05BAB /* WorldMapScene.swift */,
				7B378D9C1C7E31B600169D94 /* mainCharacter.atlas */,
				7B378DB41C7E6C7900169D94 /* Monsters */,
				7B108F051C7BC275003FC7EE /* AttackAnimations */,
				7B108F091C7BC37D003FC7EE /* Sound Effects */,
				7B108F081C7BC36B003FC7EE /* Battle */,
			);
			name = GameScene;
			sourceTree = "<group>";
		};
		7B8F06DF1C826985008E3509 /* boss2 */ = {
			isa = PBXGroup;
			children = (
				7B8F06EA1C8274F8008E3509 /* boss2.png */,
				7B8F06E61C82719A008E3509 /* leftWhip.png */,
				7B8F06E71C82719A008E3509 /* rightWhip.png */,
				7B8F06D81C82695A008E3509 /* boss2Thread.png */,
			);
			name = boss2;
			sourceTree = "<group>";
		};
		81519A9B1C7F923900D6E6E7 /* SKTUtils */ = {
			isa = PBXGroup;
			children = (
				81519A9C1C7F923900D6E6E7 /* CGFloat+Extensions.swift */,
				81519A9D1C7F923900D6E6E7 /* CGPoint+Extensions.swift */,
				81519A9E1C7F923900D6E6E7 /* CGVector+Extensions.swift */,
				81519A9F1C7F923900D6E6E7 /* Int+Extensions.swift */,
				81519AA01C7F923900D6E6E7 /* SKAction+Extensions.swift */,
				81519AA11C7F923900D6E6E7 /* SKAction+SpecialEffects.swift */,
				81519AA21C7F923900D6E6E7 /* SKColor+Extensions.swift */,
				81519AA31C7F923900D6E6E7 /* SKNode+Extensions.swift */,
				81519AA41C7F923900D6E6E7 /* SKTAudio.swift */,
				81519AA51C7F923900D6E6E7 /* SKTEffects.swift */,
				81519AA61C7F923900D6E6E7 /* SKTTimingFunctions.swift */,
				81519AA71C7F923900D6E6E7 /* Vector3.swift */,
				813C39101C80FCE3001F9DB8 /* LogBase.swift */,
			);
			path = SKTUtils;
			sourceTree = "<group>";
		};
		81AD02E11C76B91B00B6C5DC /* Models */ = {
			isa = PBXGroup;
			children = (
				814B93F21C820AFD00E72D72 /* Gabino.swift */,
				7B8F06F41C82A079008E3509 /* Edan.swift */,
				814B93F01C8206EB00E72D72 /* Oinari.swift */,
				813C39141C81594D001F9DB8 /* Charon.swift */,
				81AD02E21C76B92B00B6C5DC /* Character.swift */,
				81AD02E31C76B92B00B6C5DC /* Monster.swift */,
				81AD02E41C76B92B00B6C5DC /* Player.swift */,
				81AD03231C7AE6F200B6C5DC /* FabricMaster.swift */,
				814B93F41C820BFC00E72D72 /* FrostWyvern.swift */,
				7B72CBBC1C84F6A1006563B9 /* VenomViper.swift */,
				7B72CBCC1C84F724006563B9 /* DemonTengu.swift */,
				7B72CBCE1C84F728006563B9 /* Kiba.swift */,
				7B72CBC41C84F707006563B9 /* Megalith.swift */,
				7B72CBC61C84F70F006563B9 /* UndeadKnight.swift */,
				7B72CBC81C84F716006563B9 /* OgreFiend.swift */,
				7B72CBC01C84F6F0006563B9 /* WickedElder.swift */,
				7B72CBCA1C84F71D006563B9 /* Sorcerer.swift */,
				7B72CBD61C85901F006563B9 /* SpellBookClosed.swift */,
			);
			name = Models;
			sourceTree = "<group>";
		};
		81AD02E91C76B93E00B6C5DC /* Skills */ = {
			isa = PBXGroup;
			children = (
				81AD02EA1C76B94B00B6C5DC /* Skill.swift */,
				81AD031B1C7AE25D00B6C5DC /* SpiderWeb.swift */,
				813C38E21C80ED1C001F9DB8 /* Whip.swift */,
				813C39061C80F02D001F9DB8 /* AramidWard.swift */,
				813C39081C80F08C001F9DB8 /* AramidGuard.swift */,
				813C390A1C80F0EC001F9DB8 /* AegisLastStand.swift */,
				81AD02EB1C76B94B00B6C5DC /* CottonFlare.swift */,
				7B108F241C7BC450003FC7EE /* CottonBlaze.swift */,
				81ABA1F11C7E2C02009EA660 /* WildFire.swift */,
				81D939AC1C7E8DA900E3313A /* SilkTrick.swift */,
				813C39021C80EEB5001F9DB8 /* SilkDaze.swift */,
				813C39041C80EF02001F9DB8 /* PieceDeResistance.swift */,
				813C390C1C80F199001F9DB8 /* RayonStrike.swift */,
				813C390E1C80F215001F9DB8 /* RayonBash.swift */,
				7B108F261C7BC8C8003FC7EE /* KusanagiNoTsurugi.swift */,
			);
			name = Skills;
			sourceTree = "<group>";
		};
		81C188A11C84C79D00F05BAB /* Resources */ = {
			isa = PBXGroup;
			children = (
				81C188AF1C85289000F05BAB /* player.atlas */,
				81C188A31C84C7DF00F05BAB /* Tiles.atlas */,
			);
			name = Resources;
			sourceTree = "<group>";
		};
		81C188A61C84C90400F05BAB /* Helpers */ = {
			isa = PBXGroup;
			children = (
				81C188A71C84C93200F05BAB /* LevelHelper.swift */,
				81C188B91C852CB000F05BAB /* GameSettings.swift */,
			);
			path = Helpers;
			sourceTree = "<group>";
		};
		81C188B11C852B1A00F05BAB /* Entities */ = {
			isa = PBXGroup;
			children = (
				81C188B21C852B2E00F05BAB /* PlayerEntity.swift */,
			);
			name = Entities;
			sourceTree = "<group>";
		};
		81C188B41C852B4300F05BAB /* Components */ = {
			isa = PBXGroup;
			children = (
				81C188B51C852B7100F05BAB /* SpriteComponent.swift */,
				81C188B71C852C9100F05BAB /* AnimationComponent.swift */,
				81C188BB1C852FA900F05BAB /* PlayerMoveComponent.swift */,
			);
			name = Components;
			sourceTree = "<group>";
		};
		97E50FFA1C73E6940034B575 = {
			isa = PBXGroup;
			children = (
				81519A9B1C7F923900D6E6E7 /* SKTUtils */,
				81AD02DC1C76930500B6C5DC /* CoreGraphics.framework */,
				97E510051C73E6940034B575 /* ThreadMagic */,
				97E510041C73E6940034B575 /* Products */,
			);
			sourceTree = "<group>";
		};
		97E510041C73E6940034B575 /* Products */ = {
			isa = PBXGroup;
			children = (
				97E510031C73E6940034B575 /* ThreadMagic.app */,
			);
			name = Products;
			sourceTree = "<group>";
		};
		97E510051C73E6940034B575 /* ThreadMagic */ = {
			isa = PBXGroup;
			children = (
				81C188B41C852B4300F05BAB /* Components */,
				81C188B11C852B1A00F05BAB /* Entities */,
				81C188A61C84C90400F05BAB /* Helpers */,
				81C188A11C84C79D00F05BAB /* Resources */,
				81AD02E91C76B93E00B6C5DC /* Skills */,
				81AD02E11C76B91B00B6C5DC /* Models */,
				97E510061C73E6940034B575 /* AppDelegate.swift */,
				7B8BAEE11C765CE9001C1834 /* RootViewController.swift */,
				81AD02D81C76897700B6C5DC /* DBPathRecognizer.swift */,
				81AD02DA1C768F3200B6C5DC /* RenderView.swift */,
				7B8BAEED1C7660C9001C1834 /* GameScene */,
				97E5100E1C73E6940034B575 /* Main.storyboard */,
				97E510111C73E6940034B575 /* Assets.xcassets */,
				97E510131C73E6940034B575 /* LaunchScreen.storyboard */,
				97E510161C73E6940034B575 /* Info.plist */,
				81C1889E1C83E2BD00F05BAB /* dataModel.xcdatamodeld */,
			);
			path = ThreadMagic;
			sourceTree = "<group>";
		};
/* End PBXGroup section */

/* Begin PBXNativeTarget section */
		97E510021C73E6940034B575 /* ThreadMagic */ = {
			isa = PBXNativeTarget;
			buildConfigurationList = 97E510191C73E6940034B575 /* Build configuration list for PBXNativeTarget "ThreadMagic" */;
			buildPhases = (
				97E50FFF1C73E6940034B575 /* Sources */,
				97E510001C73E6940034B575 /* Frameworks */,
				97E510011C73E6940034B575 /* Resources */,
			);
			buildRules = (
			);
			dependencies = (
			);
			name = ThreadMagic;
			productName = ThreadMagic;
			productReference = 97E510031C73E6940034B575 /* ThreadMagic.app */;
			productType = "com.apple.product-type.application";
		};
/* End PBXNativeTarget section */

/* Begin PBXProject section */
		97E50FFB1C73E6940034B575 /* Project object */ = {
			isa = PBXProject;
			attributes = {
				LastSwiftUpdateCheck = 0720;
				LastUpgradeCheck = 0720;
				ORGANIZATIONNAME = "Andrew Chen";
				TargetAttributes = {
					97E510021C73E6940034B575 = {
						CreatedOnToolsVersion = 7.2;
						DevelopmentTeam = Y4S292F292;
					};
				};
			};
			buildConfigurationList = 97E50FFE1C73E6940034B575 /* Build configuration list for PBXProject "ThreadMagic" */;
			compatibilityVersion = "Xcode 3.2";
			developmentRegion = English;
			hasScannedForEncodings = 0;
			knownRegions = (
				en,
				Base,
			);
			mainGroup = 97E50FFA1C73E6940034B575;
			productRefGroup = 97E510041C73E6940034B575 /* Products */;
			projectDirPath = "";
			projectRoot = "";
			targets = (
				97E510021C73E6940034B575 /* ThreadMagic */,
			);
		};
/* End PBXProject section */

/* Begin PBXResourcesBuildPhase section */
		97E510011C73E6940034B575 /* Resources */ = {
			isa = PBXResourcesBuildPhase;
			buildActionMask = 2147483647;
			files = (
				7B72CBB31C84E7B3006563B9 /* golem.png in Resources */,
				7B378D9D1C7E31B600169D94 /* mainCharacter.atlas in Resources */,
				813C38F81C80EDE4001F9DB8 /* cottonFlare.atlas in Resources */,
				7B8BAEF11C7662EE001C1834 /* fabricMaster1.atlas in Resources */,
				97E5102E1C80FDF80034B575 /* Desert Battle (Loop).mp3 in Resources */,
				7B8F06DB1C82695A008E3509 /* boss2Thread.png in Resources */,
				7B8F06F01C829F90008E3509 /* health2.png in Resources */,
				7B8F06E91C82719A008E3509 /* rightWhip.png in Resources */,
				7B72CBB11C84E7B3006563B9 /* cobra.png in Resources */,
				7B378DB21C7E6C5400169D94 /* dragonRightWing.png in Resources */,
				7B72CBB81C84E7B3006563B9 /* wolf.png in Resources */,
				7B72CBD31C85116F006563B9 /* arrowReverse.png in Resources */,
				7B108F211C7BC3E5003FC7EE /* slash.atlas in Resources */,
				813C38F61C80EDE4001F9DB8 /* constrict.atlas in Resources */,
				813C38F51C80EDE4001F9DB8 /* aramidWard.atlas in Resources */,
				7B8F06F11C829F90008E3509 /* healthBar2.png in Resources */,
				813C38F31C80EDE4001F9DB8 /* aegisLastStand.atlas in Resources */,
				813C38FD1C80EDE4001F9DB8 /* silkDaze.atlas in Resources */,
				7B108F191C7BC39C003FC7EE /* waterSound.wav in Resources */,
				973FD5D41C8590E800B72B23 /* Remember.mp3 in Resources */,
				7B31A73A1C8005EB0071EC35 /* boss4.png in Resources */,
				81C188B01C85289000F05BAB /* player.atlas in Resources */,
				7B8F06EB1C8274F8008E3509 /* boss2.png in Resources */,
				7B72CBB41C84E7B3006563B9 /* knight.png in Resources */,
				97E510151C73E6940034B575 /* LaunchScreen.storyboard in Resources */,
				813C38FF1C80EDE4001F9DB8 /* thrash.atlas in Resources */,
				7B108F131C7BC39C003FC7EE /* cottonBlaze.wav in Resources */,
				7B72CBB51C84E7B3006563B9 /* ogre.png in Resources */,
				7B31A7421C8009700071EC35 /* boss1Leg.png in Resources */,
				7B108F151C7BC39C003FC7EE /* hitNormal.wav in Resources */,
				97E510361C827CB90034B575 /* Victory Fanfare.mp3 in Resources */,
				7B3C152E1C84149C00BEB2D1 /* SpellBookClosed.png in Resources */,
				7B72CBB21C84E7B3006563B9 /* demon.png in Resources */,
				813C38F91C80EDE4001F9DB8 /* kusanagiNoTsurugi.atlas in Resources */,
				813C38FB1C80EDE4001F9DB8 /* rayonBash.atlas in Resources */,
				7B31A7371C8005DE0071EC35 /* boss3Thread.png in Resources */,
				81AD03221C7AE5C000B6C5DC /* spider_web.atlas in Resources */,
				813C39001C80EDE4001F9DB8 /* whip.atlas in Resources */,
				813C38FE1C80EDE4001F9DB8 /* silkTrick.atlas in Resources */,
				813C38FC1C80EDE4001F9DB8 /* rayonStrike.atlas in Resources */,
				813C38F71C80EDE4001F9DB8 /* cottonBlaze.atlas in Resources */,
				81C188A41C84C7DF00F05BAB /* Tiles.atlas in Resources */,
				7B108F171C7BC39C003FC7EE /* mortarSound.wav in Resources */,
				7B8BAEEC1C766051001C1834 /* mc.atlas in Resources */,
				7B8F06E81C82719A008E3509 /* leftWhip.png in Resources */,
				813C38FA1C80EDE4001F9DB8 /* pieceDeResistance.atlas in Resources */,
				7B72CBD21C85116F006563B9 /* arrow.png in Resources */,
				813C38F41C80EDE4001F9DB8 /* aramidGuard.atlas in Resources */,
				7B108F1B1C7BC39C003FC7EE /* whipNormal.wav in Resources */,
				7B72CBB71C84E7B3006563B9 /* tengu.png in Resources */,
				7B8F06EF1C829F90008E3509 /* enemyHealthBar.png in Resources */,
				97E510121C73E6940034B575 /* Assets.xcassets in Resources */,
				7B72CBB61C84E7B3006563B9 /* sister.png in Resources */,
				7B108F181C7BC39C003FC7EE /* silkTrick.wav in Resources */,
				7B31A7441C80122B0071EC35 /* boss1.png in Resources */,
				7B108F161C7BC39C003FC7EE /* kusanagiNoTsurugi.wav in Resources */,
				7B108F041C7BC262003FC7EE /* waterBucket.atlas in Resources */,
				813C39011C80EDE4001F9DB8 /* wildFire.atlas in Resources */,
				7B108F1A1C7BC39C003FC7EE /* whipCritical.wav in Resources */,
				7B31A74A1C80E6680071EC35 /* bg1.png in Resources */,
				7B3C152A1C83D59600BEB2D1 /* SpellBook.png in Resources */,
				7B72CBA41C84BAEF006563B9 /* dragonBody.png in Resources */,
				7B108F231C7BC3F3003FC7EE /* slashCritical.atlas in Resources */,
				97E510341C82698D0034B575 /* Good Memories.mp3 in Resources */,
				7B378DB11C7E6C5400169D94 /* dragonLeftWing.png in Resources */,
				7B31A7361C8005DE0071EC35 /* boss3.png in Resources */,
				97E510101C73E6940034B575 /* Main.storyboard in Resources */,
				7B108F141C7BC39C003FC7EE /* hitCritical.wav in Resources */,
				7B31A73B1C8005EB0071EC35 /* boss4Thread.png in Resources */,
				7B3C152C1C8408A400BEB2D1 /* cancelButton.png in Resources */,
			);
			runOnlyForDeploymentPostprocessing = 0;
		};
/* End PBXResourcesBuildPhase section */

/* Begin PBXSourcesBuildPhase section */
		97E50FFF1C73E6940034B575 /* Sources */ = {
			isa = PBXSourcesBuildPhase;
			buildActionMask = 2147483647;
			files = (
				813C39031C80EEB5001F9DB8 /* SilkDaze.swift in Sources */,
				81C188BC1C852FA900F05BAB /* PlayerMoveComponent.swift in Sources */,
				7B8F06F51C82A079008E3509 /* Edan.swift in Sources */,
				81519AAE1C7F923900D6E6E7 /* SKColor+Extensions.swift in Sources */,
				81C188B31C852B2E00F05BAB /* PlayerEntity.swift in Sources */,
				81C188AC1C84DE5200F05BAB /* WorldMapScene.swift in Sources */,
				814B93F51C820BFC00E72D72 /* FrostWyvern.swift in Sources */,
				81AD031C1C7AE25D00B6C5DC /* SpiderWeb.swift in Sources */,
				97E510321C8149DD0034B575 /* MainMenuScene.swift in Sources */,
				814B93F31C820AFD00E72D72 /* Gabino.swift in Sources */,
				81519AB21C7F923900D6E6E7 /* SKTTimingFunctions.swift in Sources */,
				7B108F251C7BC450003FC7EE /* CottonBlaze.swift in Sources */,
				81519AAF1C7F923900D6E6E7 /* SKNode+Extensions.swift in Sources */,
				813C390B1C80F0EC001F9DB8 /* AegisLastStand.swift in Sources */,
				7B72CBC91C84F716006563B9 /* OgreFiend.swift in Sources */,
				81AD02E61C76B92B00B6C5DC /* Monster.swift in Sources */,
				81AD02ED1C76B94B00B6C5DC /* CottonFlare.swift in Sources */,
				813C38E31C80ED1C001F9DB8 /* Whip.swift in Sources */,
				973FD5D21C857D1A00B72B23 /* StoryScene.swift in Sources */,
				813C39071C80F02D001F9DB8 /* AramidWard.swift in Sources */,
				81AD03241C7AE6F200B6C5DC /* FabricMaster.swift in Sources */,
				81519AA81C7F923900D6E6E7 /* CGFloat+Extensions.swift in Sources */,
				81C188A01C83E2BD00F05BAB /* dataModel.xcdatamodeld in Sources */,
				7B72CBD71C85901F006563B9 /* SpellBookClosed.swift in Sources */,
				81519AA91C7F923900D6E6E7 /* CGPoint+Extensions.swift in Sources */,
				813C39091C80F08C001F9DB8 /* AramidGuard.swift in Sources */,
				813C39111C80FCE3001F9DB8 /* LogBase.swift in Sources */,
				81519AAB1C7F923900D6E6E7 /* Int+Extensions.swift in Sources */,
				813C39051C80EF02001F9DB8 /* PieceDeResistance.swift in Sources */,
				7B72CBBD1C84F6A1006563B9 /* VenomViper.swift in Sources */,
				7B72CBC11C84F6F0006563B9 /* WickedElder.swift in Sources */,
				81519AAD1C7F923900D6E6E7 /* SKAction+SpecialEffects.swift in Sources */,
				81519AAC1C7F923900D6E6E7 /* SKAction+Extensions.swift in Sources */,
				81C188B61C852B7100F05BAB /* SpriteComponent.swift in Sources */,
				81C188A81C84C93200F05BAB /* LevelHelper.swift in Sources */,
				81C188BA1C852CB000F05BAB /* GameSettings.swift in Sources */,
				81519AB01C7F923900D6E6E7 /* SKTAudio.swift in Sources */,
				7B108F271C7BC8C8003FC7EE /* KusanagiNoTsurugi.swift in Sources */,
				81519AAA1C7F923900D6E6E7 /* CGVector+Extensions.swift in Sources */,
				81D939AD1C7E8DA900E3313A /* SilkTrick.swift in Sources */,
				97E5100B1C73E6940034B575 /* GameScene.swift in Sources */,
				97E5100D1C73E6940034B575 /* GameViewController.swift in Sources */,
				813C390F1C80F215001F9DB8 /* RayonBash.swift in Sources */,
				7B72CBCD1C84F724006563B9 /* DemonTengu.swift in Sources */,
				814B93F11C8206EB00E72D72 /* Oinari.swift in Sources */,
				81AD02E51C76B92B00B6C5DC /* Character.swift in Sources */,
				7B72CBC71C84F70F006563B9 /* UndeadKnight.swift in Sources */,
				81AD02DB1C768F3200B6C5DC /* RenderView.swift in Sources */,
				813C390D1C80F199001F9DB8 /* RayonStrike.swift in Sources */,
				7B72CBCF1C84F728006563B9 /* Kiba.swift in Sources */,
				7B8BAEE21C765CE9001C1834 /* RootViewController.swift in Sources */,
				81519AB11C7F923900D6E6E7 /* SKTEffects.swift in Sources */,
				813C39151C81594D001F9DB8 /* Charon.swift in Sources */,
				81C188B81C852C9100F05BAB /* AnimationComponent.swift in Sources */,
				97E510071C73E6940034B575 /* AppDelegate.swift in Sources */,
				81AD02EC1C76B94B00B6C5DC /* Skill.swift in Sources */,
				7B72CBC51C84F707006563B9 /* Megalith.swift in Sources */,
				81AD02E71C76B92B00B6C5DC /* Player.swift in Sources */,
				7B108ECE1C779A21003FC7EE /* GameOverScene.swift in Sources */,
				7B72CBCB1C84F71D006563B9 /* Sorcerer.swift in Sources */,
				81AD02D91C76897700B6C5DC /* DBPathRecognizer.swift in Sources */,
				81519AB31C7F923900D6E6E7 /* Vector3.swift in Sources */,
				81ABA1F21C7E2C02009EA660 /* WildFire.swift in Sources */,
			);
			runOnlyForDeploymentPostprocessing = 0;
		};
/* End PBXSourcesBuildPhase section */

/* Begin PBXVariantGroup section */
		97E5100E1C73E6940034B575 /* Main.storyboard */ = {
			isa = PBXVariantGroup;
			children = (
				97E5100F1C73E6940034B575 /* Base */,
			);
			name = Main.storyboard;
			sourceTree = "<group>";
		};
		97E510131C73E6940034B575 /* LaunchScreen.storyboard */ = {
			isa = PBXVariantGroup;
			children = (
				97E510141C73E6940034B575 /* Base */,
			);
			name = LaunchScreen.storyboard;
			sourceTree = "<group>";
		};
/* End PBXVariantGroup section */

/* Begin XCBuildConfiguration section */
		97E510171C73E6940034B575 /* Debug */ = {
			isa = XCBuildConfiguration;
			buildSettings = {
				ALWAYS_SEARCH_USER_PATHS = NO;
				CLANG_CXX_LANGUAGE_STANDARD = "gnu++0x";
				CLANG_CXX_LIBRARY = "libc++";
				CLANG_ENABLE_MODULES = YES;
				CLANG_ENABLE_OBJC_ARC = YES;
				CLANG_WARN_BOOL_CONVERSION = YES;
				CLANG_WARN_CONSTANT_CONVERSION = YES;
				CLANG_WARN_DIRECT_OBJC_ISA_USAGE = YES_ERROR;
				CLANG_WARN_EMPTY_BODY = YES;
				CLANG_WARN_ENUM_CONVERSION = YES;
				CLANG_WARN_INT_CONVERSION = YES;
				CLANG_WARN_OBJC_ROOT_CLASS = YES_ERROR;
				CLANG_WARN_UNREACHABLE_CODE = YES;
				CLANG_WARN__DUPLICATE_METHOD_MATCH = YES;
				"CODE_SIGN_IDENTITY[sdk=iphoneos*]" = "iPhone Developer";
				COPY_PHASE_STRIP = NO;
				DEBUG_INFORMATION_FORMAT = "dwarf-with-dsym";
				ENABLE_STRICT_OBJC_MSGSEND = YES;
				ENABLE_TESTABILITY = YES;
				GCC_C_LANGUAGE_STANDARD = gnu99;
				GCC_DYNAMIC_NO_PIC = NO;
				GCC_NO_COMMON_BLOCKS = YES;
				GCC_OPTIMIZATION_LEVEL = 0;
				GCC_PREPROCESSOR_DEFINITIONS = (
					"DEBUG=1",
					"$(inherited)",
				);
				GCC_WARN_64_TO_32_BIT_CONVERSION = YES;
				GCC_WARN_ABOUT_RETURN_TYPE = YES_ERROR;
				GCC_WARN_UNDECLARED_SELECTOR = YES;
				GCC_WARN_UNINITIALIZED_AUTOS = YES_AGGRESSIVE;
				GCC_WARN_UNUSED_FUNCTION = YES;
				GCC_WARN_UNUSED_VARIABLE = YES;
				IPHONEOS_DEPLOYMENT_TARGET = 9.2;
				MTL_ENABLE_DEBUG_INFO = YES;
				ONLY_ACTIVE_ARCH = YES;
				SDKROOT = iphoneos;
				SWIFT_OPTIMIZATION_LEVEL = "-Onone";
				TARGETED_DEVICE_FAMILY = "1,2";
			};
			name = Debug;
		};
		97E510181C73E6940034B575 /* Release */ = {
			isa = XCBuildConfiguration;
			buildSettings = {
				ALWAYS_SEARCH_USER_PATHS = NO;
				CLANG_CXX_LANGUAGE_STANDARD = "gnu++0x";
				CLANG_CXX_LIBRARY = "libc++";
				CLANG_ENABLE_MODULES = YES;
				CLANG_ENABLE_OBJC_ARC = YES;
				CLANG_WARN_BOOL_CONVERSION = YES;
				CLANG_WARN_CONSTANT_CONVERSION = YES;
				CLANG_WARN_DIRECT_OBJC_ISA_USAGE = YES_ERROR;
				CLANG_WARN_EMPTY_BODY = YES;
				CLANG_WARN_ENUM_CONVERSION = YES;
				CLANG_WARN_INT_CONVERSION = YES;
				CLANG_WARN_OBJC_ROOT_CLASS = YES_ERROR;
				CLANG_WARN_UNREACHABLE_CODE = YES;
				CLANG_WARN__DUPLICATE_METHOD_MATCH = YES;
				"CODE_SIGN_IDENTITY[sdk=iphoneos*]" = "iPhone Developer";
				COPY_PHASE_STRIP = NO;
				DEBUG_INFORMATION_FORMAT = "dwarf-with-dsym";
				ENABLE_NS_ASSERTIONS = NO;
				ENABLE_STRICT_OBJC_MSGSEND = YES;
				GCC_C_LANGUAGE_STANDARD = gnu99;
				GCC_NO_COMMON_BLOCKS = YES;
				GCC_WARN_64_TO_32_BIT_CONVERSION = YES;
				GCC_WARN_ABOUT_RETURN_TYPE = YES_ERROR;
				GCC_WARN_UNDECLARED_SELECTOR = YES;
				GCC_WARN_UNINITIALIZED_AUTOS = YES_AGGRESSIVE;
				GCC_WARN_UNUSED_FUNCTION = YES;
				GCC_WARN_UNUSED_VARIABLE = YES;
				IPHONEOS_DEPLOYMENT_TARGET = 9.2;
				MTL_ENABLE_DEBUG_INFO = NO;
				SDKROOT = iphoneos;
				TARGETED_DEVICE_FAMILY = "1,2";
				VALIDATE_PRODUCT = YES;
			};
			name = Release;
		};
		97E5101A1C73E6940034B575 /* Debug */ = {
			isa = XCBuildConfiguration;
			buildSettings = {
				ASSETCATALOG_COMPILER_APPICON_NAME = AppIcon;
				CODE_SIGN_IDENTITY = "iPhone Developer";
				"CODE_SIGN_IDENTITY[sdk=iphoneos*]" = "iPhone Developer";
				ENABLE_BITCODE = NO;
				INFOPLIST_FILE = ThreadMagic/Info.plist;
				LD_RUNPATH_SEARCH_PATHS = "$(inherited) @executable_path/Frameworks";
				PRODUCT_BUNDLE_IDENTIFIER = io.nononsense.ThreadMagic;
				PRODUCT_NAME = "$(TARGET_NAME)";
				PROVISIONING_PROFILE = "";
			};
			name = Debug;
		};
		97E5101B1C73E6940034B575 /* Release */ = {
			isa = XCBuildConfiguration;
			buildSettings = {
				ASSETCATALOG_COMPILER_APPICON_NAME = AppIcon;
				CODE_SIGN_IDENTITY = "iPhone Developer";
				"CODE_SIGN_IDENTITY[sdk=iphoneos*]" = "iPhone Developer";
				ENABLE_BITCODE = NO;
				INFOPLIST_FILE = ThreadMagic/Info.plist;
				LD_RUNPATH_SEARCH_PATHS = "$(inherited) @executable_path/Frameworks";
				PRODUCT_BUNDLE_IDENTIFIER = io.nononsense.ThreadMagic;
				PRODUCT_NAME = "$(TARGET_NAME)";
				PROVISIONING_PROFILE = "";
			};
			name = Release;
		};
/* End XCBuildConfiguration section */

/* Begin XCConfigurationList section */
		97E50FFE1C73E6940034B575 /* Build configuration list for PBXProject "ThreadMagic" */ = {
			isa = XCConfigurationList;
			buildConfigurations = (
				97E510171C73E6940034B575 /* Debug */,
				97E510181C73E6940034B575 /* Release */,
			);
			defaultConfigurationIsVisible = 0;
			defaultConfigurationName = Release;
		};
		97E510191C73E6940034B575 /* Build configuration list for PBXNativeTarget "ThreadMagic" */ = {
			isa = XCConfigurationList;
			buildConfigurations = (
				97E5101A1C73E6940034B575 /* Debug */,
				97E5101B1C73E6940034B575 /* Release */,
			);
			defaultConfigurationIsVisible = 0;
			defaultConfigurationName = Release;
		};
/* End XCConfigurationList section */

/* Begin XCVersionGroup section */
		81C1889E1C83E2BD00F05BAB /* dataModel.xcdatamodeld */ = {
			isa = XCVersionGroup;
			children = (
				81C1889F1C83E2BD00F05BAB /* dataModel.xcdatamodel */,
			);
			currentVersion = 81C1889F1C83E2BD00F05BAB /* dataModel.xcdatamodel */;
			path = dataModel.xcdatamodeld;
			sourceTree = "<group>";
			versionGroupType = wrapper.xcdatamodel;
		};
/* End XCVersionGroup section */
	};
	rootObject = 97E50FFB1C73E6940034B575 /* Project object */;
}
