// !$*UTF8*$!
{
	archiveVersion = 1;
	classes = {
	};
	objectVersion = 46;
	objects = {

/* Begin PBXBuildFile section */
		7B108ECE1C779A21003FC7EE /* GameOverScene.swift in Sources */ = {isa = PBXBuildFile; fileRef = 7B108ECD1C779A21003FC7EE /* GameOverScene.swift */; };
		7B108EF31C799ED8003FC7EE /* health.png in Resources */ = {isa = PBXBuildFile; fileRef = 7B108EF11C799ED8003FC7EE /* health.png */; };
		7B108EF41C799ED8003FC7EE /* healthBar.png in Resources */ = {isa = PBXBuildFile; fileRef = 7B108EF21C799ED8003FC7EE /* healthBar.png */; };
		7B108F041C7BC262003FC7EE /* waterBucket.atlas in Resources */ = {isa = PBXBuildFile; fileRef = 7B108F031C7BC262003FC7EE /* waterBucket.atlas */; };
		7B108F131C7BC39C003FC7EE /* cottonBlaze.wav in Resources */ = {isa = PBXBuildFile; fileRef = 7B108F0A1C7BC39C003FC7EE /* cottonBlaze.wav */; };
		7B108F141C7BC39C003FC7EE /* hitCritical.wav in Resources */ = {isa = PBXBuildFile; fileRef = 7B108F0B1C7BC39C003FC7EE /* hitCritical.wav */; };
		7B108F151C7BC39C003FC7EE /* hitNormal.wav in Resources */ = {isa = PBXBuildFile; fileRef = 7B108F0C1C7BC39C003FC7EE /* hitNormal.wav */; };
		7B108F161C7BC39C003FC7EE /* kusanagiNoTsurugi.wav in Resources */ = {isa = PBXBuildFile; fileRef = 7B108F0D1C7BC39C003FC7EE /* kusanagiNoTsurugi.wav */; };
		7B108F171C7BC39C003FC7EE /* mortarSound.wav in Resources */ = {isa = PBXBuildFile; fileRef = 7B108F0E1C7BC39C003FC7EE /* mortarSound.wav */; };
		7B108F181C7BC39C003FC7EE /* silkTrick.wav in Resources */ = {isa = PBXBuildFile; fileRef = 7B108F0F1C7BC39C003FC7EE /* silkTrick.wav */; };
		7B108F191C7BC39C003FC7EE /* waterSound.wav in Resources */ = {isa = PBXBuildFile; fileRef = 7B108F101C7BC39C003FC7EE /* waterSound.wav */; };
		7B108F1A1C7BC39C003FC7EE /* whipCritical.wav in Resources */ = {isa = PBXBuildFile; fileRef = 7B108F111C7BC39C003FC7EE /* whipCritical.wav */; };
		7B108F1B1C7BC39C003FC7EE /* whipNormal.wav in Resources */ = {isa = PBXBuildFile; fileRef = 7B108F121C7BC39C003FC7EE /* whipNormal.wav */; };
		7B108F211C7BC3E5003FC7EE /* slash.atlas in Resources */ = {isa = PBXBuildFile; fileRef = 7B108F201C7BC3E5003FC7EE /* slash.atlas */; };
		7B108F231C7BC3F3003FC7EE /* slashCritical.atlas in Resources */ = {isa = PBXBuildFile; fileRef = 7B108F221C7BC3F3003FC7EE /* slashCritical.atlas */; };
		7B108F251C7BC450003FC7EE /* CottonBlaze.swift in Sources */ = {isa = PBXBuildFile; fileRef = 7B108F241C7BC450003FC7EE /* CottonBlaze.swift */; };
		7B108F271C7BC8C8003FC7EE /* KusanagiNoTsurugi.swift in Sources */ = {isa = PBXBuildFile; fileRef = 7B108F261C7BC8C8003FC7EE /* KusanagiNoTsurugi.swift */; };
		7B31A7361C8005DE0071EC35 /* boss3.png in Resources */ = {isa = PBXBuildFile; fileRef = 7B31A7341C8005DE0071EC35 /* boss3.png */; };
		7B31A7371C8005DE0071EC35 /* boss3Thread.png in Resources */ = {isa = PBXBuildFile; fileRef = 7B31A7351C8005DE0071EC35 /* boss3Thread.png */; };
		7B31A73A1C8005EB0071EC35 /* boss4.png in Resources */ = {isa = PBXBuildFile; fileRef = 7B31A7381C8005EB0071EC35 /* boss4.png */; };
		7B31A73B1C8005EB0071EC35 /* boss4Thread.png in Resources */ = {isa = PBXBuildFile; fileRef = 7B31A7391C8005EB0071EC35 /* boss4Thread.png */; };
		7B31A7421C8009700071EC35 /* boss1Leg.png in Resources */ = {isa = PBXBuildFile; fileRef = 7B31A7401C8009700071EC35 /* boss1Leg.png */; };
		7B31A7441C80122B0071EC35 /* boss1.png in Resources */ = {isa = PBXBuildFile; fileRef = 7B31A7431C80122B0071EC35 /* boss1.png */; };
		7B31A74A1C80E6680071EC35 /* bg1.png in Resources */ = {isa = PBXBuildFile; fileRef = 7B31A7491C80E6680071EC35 /* bg1.png */; };
		7B378D9D1C7E31B600169D94 /* mainCharacter.atlas in Resources */ = {isa = PBXBuildFile; fileRef = 7B378D9C1C7E31B600169D94 /* mainCharacter.atlas */; };
		7B378DB01C7E6C5400169D94 /* dragonBody.png in Resources */ = {isa = PBXBuildFile; fileRef = 7B378DAD1C7E6C5400169D94 /* dragonBody.png */; };
		7B378DB11C7E6C5400169D94 /* dragonLeftWing.png in Resources */ = {isa = PBXBuildFile; fileRef = 7B378DAE1C7E6C5400169D94 /* dragonLeftWing.png */; };
		7B378DB21C7E6C5400169D94 /* dragonRightWing.png in Resources */ = {isa = PBXBuildFile; fileRef = 7B378DAF1C7E6C5400169D94 /* dragonRightWing.png */; };
		7B8BAEE21C765CE9001C1834 /* RootViewController.swift in Sources */ = {isa = PBXBuildFile; fileRef = 7B8BAEE11C765CE9001C1834 /* RootViewController.swift */; };
		7B8BAEEC1C766051001C1834 /* mc.atlas in Resources */ = {isa = PBXBuildFile; fileRef = 7B8BAEEB1C766051001C1834 /* mc.atlas */; };
		7B8BAEF11C7662EE001C1834 /* fabricMaster1.atlas in Resources */ = {isa = PBXBuildFile; fileRef = 7B8BAEF01C7662EE001C1834 /* fabricMaster1.atlas */; };
		813C38E31C80ED1C001F9DB8 /* Whip.swift in Sources */ = {isa = PBXBuildFile; fileRef = 813C38E21C80ED1C001F9DB8 /* Whip.swift */; };
		813C38F31C80EDE4001F9DB8 /* aegisLastStand.atlas in Resources */ = {isa = PBXBuildFile; fileRef = 813C38E41C80EDE4001F9DB8 /* aegisLastStand.atlas */; };
		813C38F41C80EDE4001F9DB8 /* aramidGuard.atlas in Resources */ = {isa = PBXBuildFile; fileRef = 813C38E51C80EDE4001F9DB8 /* aramidGuard.atlas */; };
		813C38F51C80EDE4001F9DB8 /* aramidWard.atlas in Resources */ = {isa = PBXBuildFile; fileRef = 813C38E61C80EDE4001F9DB8 /* aramidWard.atlas */; };
		813C38F61C80EDE4001F9DB8 /* constrict.atlas in Resources */ = {isa = PBXBuildFile; fileRef = 813C38E71C80EDE4001F9DB8 /* constrict.atlas */; };
		813C38F71C80EDE4001F9DB8 /* cottonBlaze.atlas in Resources */ = {isa = PBXBuildFile; fileRef = 813C38E81C80EDE4001F9DB8 /* cottonBlaze.atlas */; };
		813C38F81C80EDE4001F9DB8 /* cottonFlare.atlas in Resources */ = {isa = PBXBuildFile; fileRef = 813C38E91C80EDE4001F9DB8 /* cottonFlare.atlas */; };
		813C38F91C80EDE4001F9DB8 /* kusanagiNoTsurugi.atlas in Resources */ = {isa = PBXBuildFile; fileRef = 813C38EA1C80EDE4001F9DB8 /* kusanagiNoTsurugi.atlas */; };
		813C38FA1C80EDE4001F9DB8 /* pieceDeResistance.atlas in Resources */ = {isa = PBXBuildFile; fileRef = 813C38EB1C80EDE4001F9DB8 /* pieceDeResistance.atlas */; };
		813C38FB1C80EDE4001F9DB8 /* rayonBash.atlas in Resources */ = {isa = PBXBuildFile; fileRef = 813C38EC1C80EDE4001F9DB8 /* rayonBash.atlas */; };
		813C38FC1C80EDE4001F9DB8 /* rayonStrike.atlas in Resources */ = {isa = PBXBuildFile; fileRef = 813C38ED1C80EDE4001F9DB8 /* rayonStrike.atlas */; };
		813C38FD1C80EDE4001F9DB8 /* silkDaze.atlas in Resources */ = {isa = PBXBuildFile; fileRef = 813C38EE1C80EDE4001F9DB8 /* silkDaze.atlas */; };
		813C38FE1C80EDE4001F9DB8 /* silkTrick.atlas in Resources */ = {isa = PBXBuildFile; fileRef = 813C38EF1C80EDE4001F9DB8 /* silkTrick.atlas */; };
		813C38FF1C80EDE4001F9DB8 /* thrash.atlas in Resources */ = {isa = PBXBuildFile; fileRef = 813C38F01C80EDE4001F9DB8 /* thrash.atlas */; };
		813C39001C80EDE4001F9DB8 /* whip.atlas in Resources */ = {isa = PBXBuildFile; fileRef = 813C38F11C80EDE4001F9DB8 /* whip.atlas */; };
		813C39011C80EDE4001F9DB8 /* wildFire.atlas in Resources */ = {isa = PBXBuildFile; fileRef = 813C38F21C80EDE4001F9DB8 /* wildFire.atlas */; };
		813C39031C80EEB5001F9DB8 /* SilkDaze.swift in Sources */ = {isa = PBXBuildFile; fileRef = 813C39021C80EEB5001F9DB8 /* SilkDaze.swift */; };
		813C39051C80EF02001F9DB8 /* PieceDeResistance.swift in Sources */ = {isa = PBXBuildFile; fileRef = 813C39041C80EF02001F9DB8 /* PieceDeResistance.swift */; };
		813C39071C80F02D001F9DB8 /* AramidWard.swift in Sources */ = {isa = PBXBuildFile; fileRef = 813C39061C80F02D001F9DB8 /* AramidWard.swift */; };
		813C39091C80F08C001F9DB8 /* AramidGuard.swift in Sources */ = {isa = PBXBuildFile; fileRef = 813C39081C80F08C001F9DB8 /* AramidGuard.swift */; };
		813C390B1C80F0EC001F9DB8 /* AegisLastStand.swift in Sources */ = {isa = PBXBuildFile; fileRef = 813C390A1C80F0EC001F9DB8 /* AegisLastStand.swift */; };
		813C390D1C80F199001F9DB8 /* RayonStrike.swift in Sources */ = {isa = PBXBuildFile; fileRef = 813C390C1C80F199001F9DB8 /* RayonStrike.swift */; };
		813C390F1C80F215001F9DB8 /* RayonBash.swift in Sources */ = {isa = PBXBuildFile; fileRef = 813C390E1C80F215001F9DB8 /* RayonBash.swift */; };
		813C39111C80FCE3001F9DB8 /* LogBase.swift in Sources */ = {isa = PBXBuildFile; fileRef = 813C39101C80FCE3001F9DB8 /* LogBase.swift */; };
		813C39131C8158A2001F9DB8 /* MonsterOrder.swift in Sources */ = {isa = PBXBuildFile; fileRef = 813C39121C8158A2001F9DB8 /* MonsterOrder.swift */; };
		813C39151C81594D001F9DB8 /* Alistair.swift in Sources */ = {isa = PBXBuildFile; fileRef = 813C39141C81594D001F9DB8 /* Alistair.swift */; };
		814B93F11C8206EB00E72D72 /* Tier.swift in Sources */ = {isa = PBXBuildFile; fileRef = 814B93F01C8206EB00E72D72 /* Tier.swift */; };
		814B93F31C820AFD00E72D72 /* BossOne.swift in Sources */ = {isa = PBXBuildFile; fileRef = 814B93F21C820AFD00E72D72 /* BossOne.swift */; };
		814B93F51C820BFC00E72D72 /* Dragon.swift in Sources */ = {isa = PBXBuildFile; fileRef = 814B93F41C820BFC00E72D72 /* Dragon.swift */; };
		81519AA81C7F923900D6E6E7 /* CGFloat+Extensions.swift in Sources */ = {isa = PBXBuildFile; fileRef = 81519A9C1C7F923900D6E6E7 /* CGFloat+Extensions.swift */; };
		81519AA91C7F923900D6E6E7 /* CGPoint+Extensions.swift in Sources */ = {isa = PBXBuildFile; fileRef = 81519A9D1C7F923900D6E6E7 /* CGPoint+Extensions.swift */; };
		81519AAA1C7F923900D6E6E7 /* CGVector+Extensions.swift in Sources */ = {isa = PBXBuildFile; fileRef = 81519A9E1C7F923900D6E6E7 /* CGVector+Extensions.swift */; };
		81519AAB1C7F923900D6E6E7 /* Int+Extensions.swift in Sources */ = {isa = PBXBuildFile; fileRef = 81519A9F1C7F923900D6E6E7 /* Int+Extensions.swift */; };
		81519AAC1C7F923900D6E6E7 /* SKAction+Extensions.swift in Sources */ = {isa = PBXBuildFile; fileRef = 81519AA01C7F923900D6E6E7 /* SKAction+Extensions.swift */; };
		81519AAD1C7F923900D6E6E7 /* SKAction+SpecialEffects.swift in Sources */ = {isa = PBXBuildFile; fileRef = 81519AA11C7F923900D6E6E7 /* SKAction+SpecialEffects.swift */; };
		81519AAE1C7F923900D6E6E7 /* SKColor+Extensions.swift in Sources */ = {isa = PBXBuildFile; fileRef = 81519AA21C7F923900D6E6E7 /* SKColor+Extensions.swift */; };
		81519AAF1C7F923900D6E6E7 /* SKNode+Extensions.swift in Sources */ = {isa = PBXBuildFile; fileRef = 81519AA31C7F923900D6E6E7 /* SKNode+Extensions.swift */; };
		81519AB01C7F923900D6E6E7 /* SKTAudio.swift in Sources */ = {isa = PBXBuildFile; fileRef = 81519AA41C7F923900D6E6E7 /* SKTAudio.swift */; };
		81519AB11C7F923900D6E6E7 /* SKTEffects.swift in Sources */ = {isa = PBXBuildFile; fileRef = 81519AA51C7F923900D6E6E7 /* SKTEffects.swift */; };
		81519AB21C7F923900D6E6E7 /* SKTTimingFunctions.swift in Sources */ = {isa = PBXBuildFile; fileRef = 81519AA61C7F923900D6E6E7 /* SKTTimingFunctions.swift */; };
		81519AB31C7F923900D6E6E7 /* Vector3.swift in Sources */ = {isa = PBXBuildFile; fileRef = 81519AA71C7F923900D6E6E7 /* Vector3.swift */; };
		81ABA1F21C7E2C02009EA660 /* WildFire.swift in Sources */ = {isa = PBXBuildFile; fileRef = 81ABA1F11C7E2C02009EA660 /* WildFire.swift */; };
		81AD02D91C76897700B6C5DC /* DBPathRecognizer.swift in Sources */ = {isa = PBXBuildFile; fileRef = 81AD02D81C76897700B6C5DC /* DBPathRecognizer.swift */; };
		81AD02DB1C768F3200B6C5DC /* RenderView.swift in Sources */ = {isa = PBXBuildFile; fileRef = 81AD02DA1C768F3200B6C5DC /* RenderView.swift */; };
		81AD02E51C76B92B00B6C5DC /* Character.swift in Sources */ = {isa = PBXBuildFile; fileRef = 81AD02E21C76B92B00B6C5DC /* Character.swift */; };
		81AD02E61C76B92B00B6C5DC /* Monster.swift in Sources */ = {isa = PBXBuildFile; fileRef = 81AD02E31C76B92B00B6C5DC /* Monster.swift */; };
		81AD02E71C76B92B00B6C5DC /* Player.swift in Sources */ = {isa = PBXBuildFile; fileRef = 81AD02E41C76B92B00B6C5DC /* Player.swift */; };
		81AD02EC1C76B94B00B6C5DC /* Skill.swift in Sources */ = {isa = PBXBuildFile; fileRef = 81AD02EA1C76B94B00B6C5DC /* Skill.swift */; };
		81AD02ED1C76B94B00B6C5DC /* CottonFlare.swift in Sources */ = {isa = PBXBuildFile; fileRef = 81AD02EB1C76B94B00B6C5DC /* CottonFlare.swift */; };
		81AD031C1C7AE25D00B6C5DC /* SpiderWeb.swift in Sources */ = {isa = PBXBuildFile; fileRef = 81AD031B1C7AE25D00B6C5DC /* SpiderWeb.swift */; };
		81AD03221C7AE5C000B6C5DC /* spider_web.atlas in Resources */ = {isa = PBXBuildFile; fileRef = 81AD03211C7AE5C000B6C5DC /* spider_web.atlas */; };
		81AD03241C7AE6F200B6C5DC /* FabricMaster.swift in Sources */ = {isa = PBXBuildFile; fileRef = 81AD03231C7AE6F200B6C5DC /* FabricMaster.swift */; };
		81D939AD1C7E8DA900E3313A /* SilkTrick.swift in Sources */ = {isa = PBXBuildFile; fileRef = 81D939AC1C7E8DA900E3313A /* SilkTrick.swift */; };
		97E510071C73E6940034B575 /* AppDelegate.swift in Sources */ = {isa = PBXBuildFile; fileRef = 97E510061C73E6940034B575 /* AppDelegate.swift */; };
		97E5100B1C73E6940034B575 /* GameScene.swift in Sources */ = {isa = PBXBuildFile; fileRef = 97E5100A1C73E6940034B575 /* GameScene.swift */; };
		97E5100D1C73E6940034B575 /* GameViewController.swift in Sources */ = {isa = PBXBuildFile; fileRef = 97E5100C1C73E6940034B575 /* GameViewController.swift */; };
		97E510101C73E6940034B575 /* Main.storyboard in Resources */ = {isa = PBXBuildFile; fileRef = 97E5100E1C73E6940034B575 /* Main.storyboard */; };
		97E510121C73E6940034B575 /* Assets.xcassets in Resources */ = {isa = PBXBuildFile; fileRef = 97E510111C73E6940034B575 /* Assets.xcassets */; };
		97E510151C73E6940034B575 /* LaunchScreen.storyboard in Resources */ = {isa = PBXBuildFile; fileRef = 97E510131C73E6940034B575 /* LaunchScreen.storyboard */; };
/* End PBXBuildFile section */

/* Begin PBXFileReference section */
		7B108ECD1C779A21003FC7EE /* GameOverScene.swift */ = {isa = PBXFileReference; fileEncoding = 4; lastKnownFileType = sourcecode.swift; path = GameOverScene.swift; sourceTree = "<group>"; };
		7B108EF11C799ED8003FC7EE /* health.png */ = {isa = PBXFileReference; lastKnownFileType = image.png; name = health.png; path = ../health.png; sourceTree = "<group>"; };
		7B108EF21C799ED8003FC7EE /* healthBar.png */ = {isa = PBXFileReference; lastKnownFileType = image.png; name = healthBar.png; path = ../healthBar.png; sourceTree = "<group>"; };
		7B108F031C7BC262003FC7EE /* waterBucket.atlas */ = {isa = PBXFileReference; lastKnownFileType = folder.skatlas; name = waterBucket.atlas; path = ../waterBucket.atlas; sourceTree = "<group>"; };
		7B108F0A1C7BC39C003FC7EE /* cottonBlaze.wav */ = {isa = PBXFileReference; lastKnownFileType = audio.wav; path = cottonBlaze.wav; sourceTree = "<group>"; };
		7B108F0B1C7BC39C003FC7EE /* hitCritical.wav */ = {isa = PBXFileReference; lastKnownFileType = audio.wav; path = hitCritical.wav; sourceTree = "<group>"; };
		7B108F0C1C7BC39C003FC7EE /* hitNormal.wav */ = {isa = PBXFileReference; lastKnownFileType = audio.wav; path = hitNormal.wav; sourceTree = "<group>"; };
		7B108F0D1C7BC39C003FC7EE /* kusanagiNoTsurugi.wav */ = {isa = PBXFileReference; lastKnownFileType = audio.wav; path = kusanagiNoTsurugi.wav; sourceTree = "<group>"; };
		7B108F0E1C7BC39C003FC7EE /* mortarSound.wav */ = {isa = PBXFileReference; lastKnownFileType = audio.wav; path = mortarSound.wav; sourceTree = "<group>"; };
		7B108F0F1C7BC39C003FC7EE /* silkTrick.wav */ = {isa = PBXFileReference; lastKnownFileType = audio.wav; path = silkTrick.wav; sourceTree = "<group>"; };
		7B108F101C7BC39C003FC7EE /* waterSound.wav */ = {isa = PBXFileReference; lastKnownFileType = audio.wav; path = waterSound.wav; sourceTree = "<group>"; };
		7B108F111C7BC39C003FC7EE /* whipCritical.wav */ = {isa = PBXFileReference; lastKnownFileType = audio.wav; path = whipCritical.wav; sourceTree = "<group>"; };
		7B108F121C7BC39C003FC7EE /* whipNormal.wav */ = {isa = PBXFileReference; lastKnownFileType = audio.wav; path = whipNormal.wav; sourceTree = "<group>"; };
		7B108F201C7BC3E5003FC7EE /* slash.atlas */ = {isa = PBXFileReference; lastKnownFileType = folder.skatlas; path = slash.atlas; sourceTree = "<group>"; };
		7B108F221C7BC3F3003FC7EE /* slashCritical.atlas */ = {isa = PBXFileReference; lastKnownFileType = folder.skatlas; path = slashCritical.atlas; sourceTree = "<group>"; };
		7B108F241C7BC450003FC7EE /* CottonBlaze.swift */ = {isa = PBXFileReference; fileEncoding = 4; lastKnownFileType = sourcecode.swift; path = CottonBlaze.swift; sourceTree = "<group>"; };
		7B108F261C7BC8C8003FC7EE /* KusanagiNoTsurugi.swift */ = {isa = PBXFileReference; fileEncoding = 4; lastKnownFileType = sourcecode.swift; path = KusanagiNoTsurugi.swift; sourceTree = "<group>"; };
		7B31A7341C8005DE0071EC35 /* boss3.png */ = {isa = PBXFileReference; lastKnownFileType = image.png; path = boss3.png; sourceTree = "<group>"; };
		7B31A7351C8005DE0071EC35 /* boss3Thread.png */ = {isa = PBXFileReference; lastKnownFileType = image.png; path = boss3Thread.png; sourceTree = "<group>"; };
		7B31A7381C8005EB0071EC35 /* boss4.png */ = {isa = PBXFileReference; lastKnownFileType = image.png; path = boss4.png; sourceTree = "<group>"; };
		7B31A7391C8005EB0071EC35 /* boss4Thread.png */ = {isa = PBXFileReference; lastKnownFileType = image.png; path = boss4Thread.png; sourceTree = "<group>"; };
		7B31A7401C8009700071EC35 /* boss1Leg.png */ = {isa = PBXFileReference; lastKnownFileType = image.png; path = boss1Leg.png; sourceTree = "<group>"; };
		7B31A7431C80122B0071EC35 /* boss1.png */ = {isa = PBXFileReference; lastKnownFileType = image.png; path = boss1.png; sourceTree = "<group>"; };
		7B31A7491C80E6680071EC35 /* bg1.png */ = {isa = PBXFileReference; lastKnownFileType = image.png; path = bg1.png; sourceTree = "<group>"; };
		7B378D9C1C7E31B600169D94 /* mainCharacter.atlas */ = {isa = PBXFileReference; lastKnownFileType = folder.skatlas; name = mainCharacter.atlas; path = ../mainCharacter.atlas; sourceTree = "<group>"; };
		7B378DAD1C7E6C5400169D94 /* dragonBody.png */ = {isa = PBXFileReference; lastKnownFileType = image.png; path = dragonBody.png; sourceTree = "<group>"; };
		7B378DAE1C7E6C5400169D94 /* dragonLeftWing.png */ = {isa = PBXFileReference; lastKnownFileType = image.png; path = dragonLeftWing.png; sourceTree = "<group>"; };
		7B378DAF1C7E6C5400169D94 /* dragonRightWing.png */ = {isa = PBXFileReference; lastKnownFileType = image.png; path = dragonRightWing.png; sourceTree = "<group>"; };
		7B8BAEE11C765CE9001C1834 /* RootViewController.swift */ = {isa = PBXFileReference; fileEncoding = 4; lastKnownFileType = sourcecode.swift; path = RootViewController.swift; sourceTree = "<group>"; };
		7B8BAEEB1C766051001C1834 /* mc.atlas */ = {isa = PBXFileReference; lastKnownFileType = folder.skatlas; path = mc.atlas; sourceTree = "<group>"; };
		7B8BAEF01C7662EE001C1834 /* fabricMaster1.atlas */ = {isa = PBXFileReference; lastKnownFileType = folder.skatlas; path = fabricMaster1.atlas; sourceTree = "<group>"; };
		813C38E21C80ED1C001F9DB8 /* Whip.swift */ = {isa = PBXFileReference; fileEncoding = 4; lastKnownFileType = sourcecode.swift; name = Whip.swift; path = Skills/Whip.swift; sourceTree = "<group>"; };
		813C38E41C80EDE4001F9DB8 /* aegisLastStand.atlas */ = {isa = PBXFileReference; lastKnownFileType = folder.skatlas; name = aegisLastStand.atlas; path = skillAnimations/aegisLastStand.atlas; sourceTree = "<group>"; };
		813C38E51C80EDE4001F9DB8 /* aramidGuard.atlas */ = {isa = PBXFileReference; lastKnownFileType = folder.skatlas; name = aramidGuard.atlas; path = skillAnimations/aramidGuard.atlas; sourceTree = "<group>"; };
		813C38E61C80EDE4001F9DB8 /* aramidWard.atlas */ = {isa = PBXFileReference; lastKnownFileType = folder.skatlas; name = aramidWard.atlas; path = skillAnimations/aramidWard.atlas; sourceTree = "<group>"; };
		813C38E71C80EDE4001F9DB8 /* constrict.atlas */ = {isa = PBXFileReference; lastKnownFileType = folder.skatlas; name = constrict.atlas; path = skillAnimations/constrict.atlas; sourceTree = "<group>"; };
		813C38E81C80EDE4001F9DB8 /* cottonBlaze.atlas */ = {isa = PBXFileReference; lastKnownFileType = folder.skatlas; name = cottonBlaze.atlas; path = skillAnimations/cottonBlaze.atlas; sourceTree = "<group>"; };
		813C38E91C80EDE4001F9DB8 /* cottonFlare.atlas */ = {isa = PBXFileReference; lastKnownFileType = folder.skatlas; name = cottonFlare.atlas; path = skillAnimations/cottonFlare.atlas; sourceTree = "<group>"; };
		813C38EA1C80EDE4001F9DB8 /* kusanagiNoTsurugi.atlas */ = {isa = PBXFileReference; lastKnownFileType = folder.skatlas; name = kusanagiNoTsurugi.atlas; path = skillAnimations/kusanagiNoTsurugi.atlas; sourceTree = "<group>"; };
		813C38EB1C80EDE4001F9DB8 /* pieceDeResistance.atlas */ = {isa = PBXFileReference; lastKnownFileType = folder.skatlas; name = pieceDeResistance.atlas; path = skillAnimations/pieceDeResistance.atlas; sourceTree = "<group>"; };
		813C38EC1C80EDE4001F9DB8 /* rayonBash.atlas */ = {isa = PBXFileReference; lastKnownFileType = folder.skatlas; name = rayonBash.atlas; path = skillAnimations/rayonBash.atlas; sourceTree = "<group>"; };
		813C38ED1C80EDE4001F9DB8 /* rayonStrike.atlas */ = {isa = PBXFileReference; lastKnownFileType = folder.skatlas; name = rayonStrike.atlas; path = skillAnimations/rayonStrike.atlas; sourceTree = "<group>"; };
		813C38EE1C80EDE4001F9DB8 /* silkDaze.atlas */ = {isa = PBXFileReference; lastKnownFileType = folder.skatlas; name = silkDaze.atlas; path = skillAnimations/silkDaze.atlas; sourceTree = "<group>"; };
		813C38EF1C80EDE4001F9DB8 /* silkTrick.atlas */ = {isa = PBXFileReference; lastKnownFileType = folder.skatlas; name = silkTrick.atlas; path = skillAnimations/silkTrick.atlas; sourceTree = "<group>"; };
		813C38F01C80EDE4001F9DB8 /* thrash.atlas */ = {isa = PBXFileReference; lastKnownFileType = folder.skatlas; name = thrash.atlas; path = skillAnimations/thrash.atlas; sourceTree = "<group>"; };
		813C38F11C80EDE4001F9DB8 /* whip.atlas */ = {isa = PBXFileReference; lastKnownFileType = folder.skatlas; name = whip.atlas; path = skillAnimations/whip.atlas; sourceTree = "<group>"; };
		813C38F21C80EDE4001F9DB8 /* wildFire.atlas */ = {isa = PBXFileReference; lastKnownFileType = folder.skatlas; name = wildFire.atlas; path = skillAnimations/wildFire.atlas; sourceTree = "<group>"; };
		813C39021C80EEB5001F9DB8 /* SilkDaze.swift */ = {isa = PBXFileReference; fileEncoding = 4; lastKnownFileType = sourcecode.swift; name = SilkDaze.swift; path = Skills/SilkDaze.swift; sourceTree = "<group>"; };
		813C39041C80EF02001F9DB8 /* PieceDeResistance.swift */ = {isa = PBXFileReference; fileEncoding = 4; lastKnownFileType = sourcecode.swift; name = PieceDeResistance.swift; path = Skills/PieceDeResistance.swift; sourceTree = "<group>"; };
		813C39061C80F02D001F9DB8 /* AramidWard.swift */ = {isa = PBXFileReference; fileEncoding = 4; lastKnownFileType = sourcecode.swift; name = AramidWard.swift; path = Skills/AramidWard.swift; sourceTree = "<group>"; };
		813C39081C80F08C001F9DB8 /* AramidGuard.swift */ = {isa = PBXFileReference; fileEncoding = 4; lastKnownFileType = sourcecode.swift; name = AramidGuard.swift; path = Skills/AramidGuard.swift; sourceTree = "<group>"; };
		813C390A1C80F0EC001F9DB8 /* AegisLastStand.swift */ = {isa = PBXFileReference; fileEncoding = 4; lastKnownFileType = sourcecode.swift; name = AegisLastStand.swift; path = Skills/AegisLastStand.swift; sourceTree = "<group>"; };
		813C390C1C80F199001F9DB8 /* RayonStrike.swift */ = {isa = PBXFileReference; fileEncoding = 4; lastKnownFileType = sourcecode.swift; name = RayonStrike.swift; path = Skills/RayonStrike.swift; sourceTree = "<group>"; };
		813C390E1C80F215001F9DB8 /* RayonBash.swift */ = {isa = PBXFileReference; fileEncoding = 4; lastKnownFileType = sourcecode.swift; name = RayonBash.swift; path = Skills/RayonBash.swift; sourceTree = "<group>"; };
		813C39101C80FCE3001F9DB8 /* LogBase.swift */ = {isa = PBXFileReference; fileEncoding = 4; lastKnownFileType = sourcecode.swift; path = LogBase.swift; sourceTree = "<group>"; };
		813C39121C8158A2001F9DB8 /* MonsterOrder.swift */ = {isa = PBXFileReference; fileEncoding = 4; lastKnownFileType = sourcecode.swift; path = MonsterOrder.swift; sourceTree = "<group>"; };
		813C39141C81594D001F9DB8 /* Alistair.swift */ = {isa = PBXFileReference; fileEncoding = 4; lastKnownFileType = sourcecode.swift; name = Alistair.swift; path = Models/Alistair.swift; sourceTree = "<group>"; };
		814B93F01C8206EB00E72D72 /* Tier.swift */ = {isa = PBXFileReference; fileEncoding = 4; lastKnownFileType = sourcecode.swift; name = Tier.swift; path = Models/Tier.swift; sourceTree = "<group>"; };
		814B93F21C820AFD00E72D72 /* BossOne.swift */ = {isa = PBXFileReference; fileEncoding = 4; lastKnownFileType = sourcecode.swift; name = BossOne.swift; path = Models/BossOne.swift; sourceTree = "<group>"; };
		814B93F41C820BFC00E72D72 /* Dragon.swift */ = {isa = PBXFileReference; fileEncoding = 4; lastKnownFileType = sourcecode.swift; path = Dragon.swift; sourceTree = "<group>"; };
		81519A9C1C7F923900D6E6E7 /* CGFloat+Extensions.swift */ = {isa = PBXFileReference; fileEncoding = 4; lastKnownFileType = sourcecode.swift; path = "CGFloat+Extensions.swift"; sourceTree = "<group>"; };
		81519A9D1C7F923900D6E6E7 /* CGPoint+Extensions.swift */ = {isa = PBXFileReference; fileEncoding = 4; lastKnownFileType = sourcecode.swift; path = "CGPoint+Extensions.swift"; sourceTree = "<group>"; };
		81519A9E1C7F923900D6E6E7 /* CGVector+Extensions.swift */ = {isa = PBXFileReference; fileEncoding = 4; lastKnownFileType = sourcecode.swift; path = "CGVector+Extensions.swift"; sourceTree = "<group>"; };
		81519A9F1C7F923900D6E6E7 /* Int+Extensions.swift */ = {isa = PBXFileReference; fileEncoding = 4; lastKnownFileType = sourcecode.swift; path = "Int+Extensions.swift"; sourceTree = "<group>"; };
		81519AA01C7F923900D6E6E7 /* SKAction+Extensions.swift */ = {isa = PBXFileReference; fileEncoding = 4; lastKnownFileType = sourcecode.swift; path = "SKAction+Extensions.swift"; sourceTree = "<group>"; };
		81519AA11C7F923900D6E6E7 /* SKAction+SpecialEffects.swift */ = {isa = PBXFileReference; fileEncoding = 4; lastKnownFileType = sourcecode.swift; path = "SKAction+SpecialEffects.swift"; sourceTree = "<group>"; };
		81519AA21C7F923900D6E6E7 /* SKColor+Extensions.swift */ = {isa = PBXFileReference; fileEncoding = 4; lastKnownFileType = sourcecode.swift; path = "SKColor+Extensions.swift"; sourceTree = "<group>"; };
		81519AA31C7F923900D6E6E7 /* SKNode+Extensions.swift */ = {isa = PBXFileReference; fileEncoding = 4; lastKnownFileType = sourcecode.swift; path = "SKNode+Extensions.swift"; sourceTree = "<group>"; };
		81519AA41C7F923900D6E6E7 /* SKTAudio.swift */ = {isa = PBXFileReference; fileEncoding = 4; lastKnownFileType = sourcecode.swift; path = SKTAudio.swift; sourceTree = "<group>"; };
		81519AA51C7F923900D6E6E7 /* SKTEffects.swift */ = {isa = PBXFileReference; fileEncoding = 4; lastKnownFileType = sourcecode.swift; path = SKTEffects.swift; sourceTree = "<group>"; };
		81519AA61C7F923900D6E6E7 /* SKTTimingFunctions.swift */ = {isa = PBXFileReference; fileEncoding = 4; lastKnownFileType = sourcecode.swift; path = SKTTimingFunctions.swift; sourceTree = "<group>"; };
		81519AA71C7F923900D6E6E7 /* Vector3.swift */ = {isa = PBXFileReference; fileEncoding = 4; lastKnownFileType = sourcecode.swift; path = Vector3.swift; sourceTree = "<group>"; };
		81ABA1F11C7E2C02009EA660 /* WildFire.swift */ = {isa = PBXFileReference; fileEncoding = 4; lastKnownFileType = sourcecode.swift; name = WildFire.swift; path = Skills/WildFire.swift; sourceTree = "<group>"; };
		81AD02D81C76897700B6C5DC /* DBPathRecognizer.swift */ = {isa = PBXFileReference; fileEncoding = 4; lastKnownFileType = sourcecode.swift; path = DBPathRecognizer.swift; sourceTree = "<group>"; };
		81AD02DA1C768F3200B6C5DC /* RenderView.swift */ = {isa = PBXFileReference; fileEncoding = 4; lastKnownFileType = sourcecode.swift; path = RenderView.swift; sourceTree = "<group>"; };
		81AD02DC1C76930500B6C5DC /* CoreGraphics.framework */ = {isa = PBXFileReference; lastKnownFileType = wrapper.framework; name = CoreGraphics.framework; path = System/Library/Frameworks/CoreGraphics.framework; sourceTree = SDKROOT; };
		81AD02E21C76B92B00B6C5DC /* Character.swift */ = {isa = PBXFileReference; fileEncoding = 4; lastKnownFileType = sourcecode.swift; name = Character.swift; path = Models/Character.swift; sourceTree = "<group>"; };
		81AD02E31C76B92B00B6C5DC /* Monster.swift */ = {isa = PBXFileReference; fileEncoding = 4; lastKnownFileType = sourcecode.swift; name = Monster.swift; path = Models/Monster.swift; sourceTree = "<group>"; };
		81AD02E41C76B92B00B6C5DC /* Player.swift */ = {isa = PBXFileReference; fileEncoding = 4; lastKnownFileType = sourcecode.swift; name = Player.swift; path = Models/Player.swift; sourceTree = "<group>"; };
		81AD02EA1C76B94B00B6C5DC /* Skill.swift */ = {isa = PBXFileReference; fileEncoding = 4; lastKnownFileType = sourcecode.swift; name = Skill.swift; path = Skills/Skill.swift; sourceTree = "<group>"; };
		81AD02EB1C76B94B00B6C5DC /* CottonFlare.swift */ = {isa = PBXFileReference; fileEncoding = 4; lastKnownFileType = sourcecode.swift; name = CottonFlare.swift; path = Skills/CottonFlare.swift; sourceTree = "<group>"; };
		81AD031B1C7AE25D00B6C5DC /* SpiderWeb.swift */ = {isa = PBXFileReference; fileEncoding = 4; lastKnownFileType = sourcecode.swift; name = SpiderWeb.swift; path = Skills/SpiderWeb.swift; sourceTree = "<group>"; };
		81AD03211C7AE5C000B6C5DC /* spider_web.atlas */ = {isa = PBXFileReference; lastKnownFileType = folder.skatlas; path = spider_web.atlas; sourceTree = "<group>"; };
		81AD03231C7AE6F200B6C5DC /* FabricMaster.swift */ = {isa = PBXFileReference; fileEncoding = 4; lastKnownFileType = sourcecode.swift; name = FabricMaster.swift; path = Models/FabricMaster.swift; sourceTree = "<group>"; };
		81D939AC1C7E8DA900E3313A /* SilkTrick.swift */ = {isa = PBXFileReference; fileEncoding = 4; lastKnownFileType = sourcecode.swift; name = SilkTrick.swift; path = Skills/SilkTrick.swift; sourceTree = "<group>"; };
		97E510031C73E6940034B575 /* ThreadMagic.app */ = {isa = PBXFileReference; explicitFileType = wrapper.application; includeInIndex = 0; path = ThreadMagic.app; sourceTree = BUILT_PRODUCTS_DIR; };
		97E510061C73E6940034B575 /* AppDelegate.swift */ = {isa = PBXFileReference; lastKnownFileType = sourcecode.swift; path = AppDelegate.swift; sourceTree = "<group>"; };
		97E5100A1C73E6940034B575 /* GameScene.swift */ = {isa = PBXFileReference; lastKnownFileType = sourcecode.swift; path = GameScene.swift; sourceTree = "<group>"; };
		97E5100C1C73E6940034B575 /* GameViewController.swift */ = {isa = PBXFileReference; lastKnownFileType = sourcecode.swift; path = GameViewController.swift; sourceTree = "<group>"; };
		97E5100F1C73E6940034B575 /* Base */ = {isa = PBXFileReference; lastKnownFileType = file.storyboard; name = Base; path = Base.lproj/Main.storyboard; sourceTree = "<group>"; };
		97E510111C73E6940034B575 /* Assets.xcassets */ = {isa = PBXFileReference; lastKnownFileType = folder.assetcatalog; path = Assets.xcassets; sourceTree = "<group>"; };
		97E510141C73E6940034B575 /* Base */ = {isa = PBXFileReference; lastKnownFileType = file.storyboard; name = Base; path = Base.lproj/LaunchScreen.storyboard; sourceTree = "<group>"; };
		97E510161C73E6940034B575 /* Info.plist */ = {isa = PBXFileReference; lastKnownFileType = text.plist.xml; path = Info.plist; sourceTree = "<group>"; };
/* End PBXFileReference section */

/* Begin PBXFrameworksBuildPhase section */
		97E510001C73E6940034B575 /* Frameworks */ = {
			isa = PBXFrameworksBuildPhase;
			buildActionMask = 2147483647;
			files = (
			);
			runOnlyForDeploymentPostprocessing = 0;
		};
/* End PBXFrameworksBuildPhase section */

/* Begin PBXGroup section */
		7B108F051C7BC275003FC7EE /* AttackAnimations */ = {
			isa = PBXGroup;
			children = (
				813C38E41C80EDE4001F9DB8 /* aegisLastStand.atlas */,
				813C38E51C80EDE4001F9DB8 /* aramidGuard.atlas */,
				813C38E61C80EDE4001F9DB8 /* aramidWard.atlas */,
				813C38E71C80EDE4001F9DB8 /* constrict.atlas */,
				813C38E81C80EDE4001F9DB8 /* cottonBlaze.atlas */,
				813C38E91C80EDE4001F9DB8 /* cottonFlare.atlas */,
				813C38EA1C80EDE4001F9DB8 /* kusanagiNoTsurugi.atlas */,
				813C38EB1C80EDE4001F9DB8 /* pieceDeResistance.atlas */,
				813C38EC1C80EDE4001F9DB8 /* rayonBash.atlas */,
				813C38ED1C80EDE4001F9DB8 /* rayonStrike.atlas */,
				813C38EE1C80EDE4001F9DB8 /* silkDaze.atlas */,
				813C38EF1C80EDE4001F9DB8 /* silkTrick.atlas */,
				813C38F01C80EDE4001F9DB8 /* thrash.atlas */,
				813C38F11C80EDE4001F9DB8 /* whip.atlas */,
				813C38F21C80EDE4001F9DB8 /* wildFire.atlas */,
				81AD03211C7AE5C000B6C5DC /* spider_web.atlas */,
				7B8BAEF01C7662EE001C1834 /* fabricMaster1.atlas */,
				7B378D9C1C7E31B600169D94 /* mainCharacter.atlas */,
				7B8BAEEB1C766051001C1834 /* mc.atlas */,
				7B108F201C7BC3E5003FC7EE /* slash.atlas */,
				7B108F221C7BC3F3003FC7EE /* slashCritical.atlas */,
				7B108F031C7BC262003FC7EE /* waterBucket.atlas */,
			);
			name = AttackAnimations;
			sourceTree = "<group>";
		};
		7B108F081C7BC36B003FC7EE /* Battle */ = {
			isa = PBXGroup;
			children = (
				7B31A7491C80E6680071EC35 /* bg1.png */,
				7B108EF11C799ED8003FC7EE /* health.png */,
				7B108EF21C799ED8003FC7EE /* healthBar.png */,
			);
			name = Battle;
			sourceTree = "<group>";
		};
		7B108F091C7BC37D003FC7EE /* Sound Effects */ = {
			isa = PBXGroup;
			children = (
				7B108F0A1C7BC39C003FC7EE /* cottonBlaze.wav */,
				7B108F0B1C7BC39C003FC7EE /* hitCritical.wav */,
				7B108F0C1C7BC39C003FC7EE /* hitNormal.wav */,
				7B108F0D1C7BC39C003FC7EE /* kusanagiNoTsurugi.wav */,
				7B108F0E1C7BC39C003FC7EE /* mortarSound.wav */,
				7B108F0F1C7BC39C003FC7EE /* silkTrick.wav */,
				7B108F101C7BC39C003FC7EE /* waterSound.wav */,
				7B108F111C7BC39C003FC7EE /* whipCritical.wav */,
				7B108F121C7BC39C003FC7EE /* whipNormal.wav */,
			);
			name = "Sound Effects";
			sourceTree = "<group>";
		};
		7B31A73C1C8006210071EC35 /* boss4 */ = {
			isa = PBXGroup;
			children = (
				7B31A7381C8005EB0071EC35 /* boss4.png */,
				7B31A7391C8005EB0071EC35 /* boss4Thread.png */,
			);
			name = boss4;
			path = ..;
			sourceTree = "<group>";
		};
		7B31A73D1C8006280071EC35 /* boss3 */ = {
			isa = PBXGroup;
			children = (
				7B31A7341C8005DE0071EC35 /* boss3.png */,
				7B31A7351C8005DE0071EC35 /* boss3Thread.png */,
			);
			name = boss3;
			path = ..;
			sourceTree = "<group>";
		};
		7B31A73E1C8006370071EC35 /* boss1 */ = {
			isa = PBXGroup;
			children = (
				7B31A7431C80122B0071EC35 /* boss1.png */,
				7B31A7401C8009700071EC35 /* boss1Leg.png */,
			);
			name = boss1;
			path = ..;
			sourceTree = "<group>";
		};
		7B378DB31C7E6C5900169D94 /* dragon */ = {
			isa = PBXGroup;
			children = (
				7B378DAD1C7E6C5400169D94 /* dragonBody.png */,
				7B378DAE1C7E6C5400169D94 /* dragonLeftWing.png */,
				7B378DAF1C7E6C5400169D94 /* dragonRightWing.png */,
			);
			name = dragon;
			sourceTree = "<group>";
		};
		7B378DB41C7E6C7900169D94 /* Monsters */ = {
			isa = PBXGroup;
			children = (
				7B31A73C1C8006210071EC35 /* boss4 */,
				7B31A73D1C8006280071EC35 /* boss3 */,
				7B31A73E1C8006370071EC35 /* boss1 */,
				7B378DB31C7E6C5900169D94 /* dragon */,
			);
			name = Monsters;
			sourceTree = "<group>";
		};
		7B8BAEED1C7660C9001C1834 /* GameScene */ = {
			isa = PBXGroup;
			children = (
				97E5100A1C73E6940034B575 /* GameScene.swift */,
				97E5100C1C73E6940034B575 /* GameViewController.swift */,
				7B108ECD1C779A21003FC7EE /* GameOverScene.swift */,
				7B378DB41C7E6C7900169D94 /* Monsters */,
				7B108F051C7BC275003FC7EE /* AttackAnimations */,
				7B108F091C7BC37D003FC7EE /* Sound Effects */,
				7B108F081C7BC36B003FC7EE /* Battle */,
			);
			name = GameScene;
			sourceTree = "<group>";
		};
		81519A9B1C7F923900D6E6E7 /* SKTUtils */ = {
			isa = PBXGroup;
			children = (
				81519A9C1C7F923900D6E6E7 /* CGFloat+Extensions.swift */,
				81519A9D1C7F923900D6E6E7 /* CGPoint+Extensions.swift */,
				81519A9E1C7F923900D6E6E7 /* CGVector+Extensions.swift */,
				81519A9F1C7F923900D6E6E7 /* Int+Extensions.swift */,
				81519AA01C7F923900D6E6E7 /* SKAction+Extensions.swift */,
				81519AA11C7F923900D6E6E7 /* SKAction+SpecialEffects.swift */,
				81519AA21C7F923900D6E6E7 /* SKColor+Extensions.swift */,
				81519AA31C7F923900D6E6E7 /* SKNode+Extensions.swift */,
				81519AA41C7F923900D6E6E7 /* SKTAudio.swift */,
				81519AA51C7F923900D6E6E7 /* SKTEffects.swift */,
				81519AA61C7F923900D6E6E7 /* SKTTimingFunctions.swift */,
				81519AA71C7F923900D6E6E7 /* Vector3.swift */,
				813C39101C80FCE3001F9DB8 /* LogBase.swift */,
			);
			path = SKTUtils;
			sourceTree = "<group>";
		};
		81AD02E11C76B91B00B6C5DC /* Models */ = {
			isa = PBXGroup;
			children = (
				81AD02E21C76B92B00B6C5DC /* Character.swift */,
				81AD02E31C76B92B00B6C5DC /* Monster.swift */,
				81AD02E41C76B92B00B6C5DC /* Player.swift */,
				81AD03231C7AE6F200B6C5DC /* FabricMaster.swift */,
				813C39141C81594D001F9DB8 /* Alistair.swift */,
				814B93F01C8206EB00E72D72 /* Tier.swift */,
				814B93F21C820AFD00E72D72 /* BossOne.swift */,
				814B93F41C820BFC00E72D72 /* Dragon.swift */,
			);
			name = Models;
			sourceTree = "<group>";
		};
		81AD02E91C76B93E00B6C5DC /* Skills */ = {
			isa = PBXGroup;
			children = (
				81ABA1F11C7E2C02009EA660 /* WildFire.swift */,
				81AD02EA1C76B94B00B6C5DC /* Skill.swift */,
				7B108F241C7BC450003FC7EE /* CottonBlaze.swift */,
				7B108F261C7BC8C8003FC7EE /* KusanagiNoTsurugi.swift */,
				81AD031B1C7AE25D00B6C5DC /* SpiderWeb.swift */,
				81AD02EB1C76B94B00B6C5DC /* CottonFlare.swift */,
				81D939AC1C7E8DA900E3313A /* SilkTrick.swift */,
				813C39021C80EEB5001F9DB8 /* SilkDaze.swift */,
				813C39041C80EF02001F9DB8 /* PieceDeResistance.swift */,
				813C38E21C80ED1C001F9DB8 /* Whip.swift */,
				813C39061C80F02D001F9DB8 /* AramidWard.swift */,
				813C39081C80F08C001F9DB8 /* AramidGuard.swift */,
				813C390A1C80F0EC001F9DB8 /* AegisLastStand.swift */,
				813C390C1C80F199001F9DB8 /* RayonStrike.swift */,
				813C390E1C80F215001F9DB8 /* RayonBash.swift */,
			);
			name = Skills;
			sourceTree = "<group>";
		};
		97E50FFA1C73E6940034B575 = {
			isa = PBXGroup;
			children = (
				81519A9B1C7F923900D6E6E7 /* SKTUtils */,
				81AD02DC1C76930500B6C5DC /* CoreGraphics.framework */,
				97E510051C73E6940034B575 /* ThreadMagic */,
				97E510041C73E6940034B575 /* Products */,
			);
			sourceTree = "<group>";
		};
		97E510041C73E6940034B575 /* Products */ = {
			isa = PBXGroup;
			children = (
				97E510031C73E6940034B575 /* ThreadMagic.app */,
			);
			name = Products;
			sourceTree = "<group>";
		};
		97E510051C73E6940034B575 /* ThreadMagic */ = {
			isa = PBXGroup;
			children = (
				81AD02E91C76B93E00B6C5DC /* Skills */,
				81AD02E11C76B91B00B6C5DC /* Models */,
				97E510061C73E6940034B575 /* AppDelegate.swift */,
				7B8BAEE11C765CE9001C1834 /* RootViewController.swift */,
				81AD02D81C76897700B6C5DC /* DBPathRecognizer.swift */,
				81AD02DA1C768F3200B6C5DC /* RenderView.swift */,
				813C39121C8158A2001F9DB8 /* MonsterOrder.swift */,
				7B8BAEED1C7660C9001C1834 /* GameScene */,
				97E5100E1C73E6940034B575 /* Main.storyboard */,
				97E510111C73E6940034B575 /* Assets.xcassets */,
				97E510131C73E6940034B575 /* LaunchScreen.storyboard */,
				97E510161C73E6940034B575 /* Info.plist */,
			);
			path = ThreadMagic;
			sourceTree = "<group>";
		};
/* End PBXGroup section */

/* Begin PBXNativeTarget section */
		97E510021C73E6940034B575 /* ThreadMagic */ = {
			isa = PBXNativeTarget;
			buildConfigurationList = 97E510191C73E6940034B575 /* Build configuration list for PBXNativeTarget "ThreadMagic" */;
			buildPhases = (
				97E50FFF1C73E6940034B575 /* Sources */,
				97E510001C73E6940034B575 /* Frameworks */,
				97E510011C73E6940034B575 /* Resources */,
			);
			buildRules = (
			);
			dependencies = (
			);
			name = ThreadMagic;
			productName = ThreadMagic;
			productReference = 97E510031C73E6940034B575 /* ThreadMagic.app */;
			productType = "com.apple.product-type.application";
		};
/* End PBXNativeTarget section */

/* Begin PBXProject section */
		97E50FFB1C73E6940034B575 /* Project object */ = {
			isa = PBXProject;
			attributes = {
				LastSwiftUpdateCheck = 0720;
				LastUpgradeCheck = 0720;
				ORGANIZATIONNAME = "Andrew Chen";
				TargetAttributes = {
					97E510021C73E6940034B575 = {
						CreatedOnToolsVersion = 7.2;
						DevelopmentTeam = Y4S292F292;
					};
				};
			};
			buildConfigurationList = 97E50FFE1C73E6940034B575 /* Build configuration list for PBXProject "ThreadMagic" */;
			compatibilityVersion = "Xcode 3.2";
			developmentRegion = English;
			hasScannedForEncodings = 0;
			knownRegions = (
				en,
				Base,
			);
			mainGroup = 97E50FFA1C73E6940034B575;
			productRefGroup = 97E510041C73E6940034B575 /* Products */;
			projectDirPath = "";
			projectRoot = "";
			targets = (
				97E510021C73E6940034B575 /* ThreadMagic */,
			);
		};
/* End PBXProject section */

/* Begin PBXResourcesBuildPhase section */
		97E510011C73E6940034B575 /* Resources */ = {
			isa = PBXResourcesBuildPhase;
			buildActionMask = 2147483647;
			files = (
				7B378D9D1C7E31B600169D94 /* mainCharacter.atlas in Resources */,
				813C38F81C80EDE4001F9DB8 /* cottonFlare.atlas in Resources */,
				7B8BAEF11C7662EE001C1834 /* fabricMaster1.atlas in Resources */,
				7B378DB21C7E6C5400169D94 /* dragonRightWing.png in Resources */,
				7B108F211C7BC3E5003FC7EE /* slash.atlas in Resources */,
				813C38F61C80EDE4001F9DB8 /* constrict.atlas in Resources */,
				813C38F51C80EDE4001F9DB8 /* aramidWard.atlas in Resources */,
				813C38F31C80EDE4001F9DB8 /* aegisLastStand.atlas in Resources */,
				813C38FD1C80EDE4001F9DB8 /* silkDaze.atlas in Resources */,
				7B108F191C7BC39C003FC7EE /* waterSound.wav in Resources */,
				7B31A73A1C8005EB0071EC35 /* boss4.png in Resources */,
				97E510151C73E6940034B575 /* LaunchScreen.storyboard in Resources */,
				813C38FF1C80EDE4001F9DB8 /* thrash.atlas in Resources */,
				7B108F131C7BC39C003FC7EE /* cottonBlaze.wav in Resources */,
				7B31A7421C8009700071EC35 /* boss1Leg.png in Resources */,
				7B108F151C7BC39C003FC7EE /* hitNormal.wav in Resources */,
				813C38F91C80EDE4001F9DB8 /* kusanagiNoTsurugi.atlas in Resources */,
				813C38FB1C80EDE4001F9DB8 /* rayonBash.atlas in Resources */,
				7B31A7371C8005DE0071EC35 /* boss3Thread.png in Resources */,
				81AD03221C7AE5C000B6C5DC /* spider_web.atlas in Resources */,
				813C39001C80EDE4001F9DB8 /* whip.atlas in Resources */,
				813C38FE1C80EDE4001F9DB8 /* silkTrick.atlas in Resources */,
				813C38FC1C80EDE4001F9DB8 /* rayonStrike.atlas in Resources */,
				7B108EF41C799ED8003FC7EE /* healthBar.png in Resources */,
				813C38F71C80EDE4001F9DB8 /* cottonBlaze.atlas in Resources */,
				7B108F171C7BC39C003FC7EE /* mortarSound.wav in Resources */,
				7B8BAEEC1C766051001C1834 /* mc.atlas in Resources */,
				813C38FA1C80EDE4001F9DB8 /* pieceDeResistance.atlas in Resources */,
				813C38F41C80EDE4001F9DB8 /* aramidGuard.atlas in Resources */,
				7B108F1B1C7BC39C003FC7EE /* whipNormal.wav in Resources */,
				97E510121C73E6940034B575 /* Assets.xcassets in Resources */,
				7B108F181C7BC39C003FC7EE /* silkTrick.wav in Resources */,
				7B31A7441C80122B0071EC35 /* boss1.png in Resources */,
				7B108F161C7BC39C003FC7EE /* kusanagiNoTsurugi.wav in Resources */,
				7B108F041C7BC262003FC7EE /* waterBucket.atlas in Resources */,
				813C39011C80EDE4001F9DB8 /* wildFire.atlas in Resources */,
				7B108F1A1C7BC39C003FC7EE /* whipCritical.wav in Resources */,
				7B108EF31C799ED8003FC7EE /* health.png in Resources */,
				7B31A74A1C80E6680071EC35 /* bg1.png in Resources */,
				7B108F231C7BC3F3003FC7EE /* slashCritical.atlas in Resources */,
				7B378DB11C7E6C5400169D94 /* dragonLeftWing.png in Resources */,
				7B31A7361C8005DE0071EC35 /* boss3.png in Resources */,
				97E510101C73E6940034B575 /* Main.storyboard in Resources */,
				7B108F141C7BC39C003FC7EE /* hitCritical.wav in Resources */,
				7B31A73B1C8005EB0071EC35 /* boss4Thread.png in Resources */,
				7B378DB01C7E6C5400169D94 /* dragonBody.png in Resources */,
			);
			runOnlyForDeploymentPostprocessing = 0;
		};
/* End PBXResourcesBuildPhase section */

/* Begin PBXSourcesBuildPhase section */
		97E50FFF1C73E6940034B575 /* Sources */ = {
			isa = PBXSourcesBuildPhase;
			buildActionMask = 2147483647;
			files = (
				813C39031C80EEB5001F9DB8 /* SilkDaze.swift in Sources */,
				81519AAE1C7F923900D6E6E7 /* SKColor+Extensions.swift in Sources */,
				814B93F51C820BFC00E72D72 /* Dragon.swift in Sources */,
				81AD031C1C7AE25D00B6C5DC /* SpiderWeb.swift in Sources */,
				814B93F31C820AFD00E72D72 /* BossOne.swift in Sources */,
				81519AB21C7F923900D6E6E7 /* SKTTimingFunctions.swift in Sources */,
				7B108F251C7BC450003FC7EE /* CottonBlaze.swift in Sources */,
				81519AAF1C7F923900D6E6E7 /* SKNode+Extensions.swift in Sources */,
				813C390B1C80F0EC001F9DB8 /* AegisLastStand.swift in Sources */,
				81AD02E61C76B92B00B6C5DC /* Monster.swift in Sources */,
				81AD02ED1C76B94B00B6C5DC /* CottonFlare.swift in Sources */,
				813C38E31C80ED1C001F9DB8 /* Whip.swift in Sources */,
				813C39071C80F02D001F9DB8 /* AramidWard.swift in Sources */,
				81AD03241C7AE6F200B6C5DC /* FabricMaster.swift in Sources */,
				81519AA81C7F923900D6E6E7 /* CGFloat+Extensions.swift in Sources */,
				81519AA91C7F923900D6E6E7 /* CGPoint+Extensions.swift in Sources */,
				813C39091C80F08C001F9DB8 /* AramidGuard.swift in Sources */,
				813C39111C80FCE3001F9DB8 /* LogBase.swift in Sources */,
				81519AAB1C7F923900D6E6E7 /* Int+Extensions.swift in Sources */,
				813C39051C80EF02001F9DB8 /* PieceDeResistance.swift in Sources */,
				81519AAD1C7F923900D6E6E7 /* SKAction+SpecialEffects.swift in Sources */,
				81519AAC1C7F923900D6E6E7 /* SKAction+Extensions.swift in Sources */,
				81519AB01C7F923900D6E6E7 /* SKTAudio.swift in Sources */,
				7B108F271C7BC8C8003FC7EE /* KusanagiNoTsurugi.swift in Sources */,
				81519AAA1C7F923900D6E6E7 /* CGVector+Extensions.swift in Sources */,
				81D939AD1C7E8DA900E3313A /* SilkTrick.swift in Sources */,
				97E5100B1C73E6940034B575 /* GameScene.swift in Sources */,
				97E5100D1C73E6940034B575 /* GameViewController.swift in Sources */,
				813C390F1C80F215001F9DB8 /* RayonBash.swift in Sources */,
				814B93F11C8206EB00E72D72 /* Tier.swift in Sources */,
				81AD02E51C76B92B00B6C5DC /* Character.swift in Sources */,
				81AD02DB1C768F3200B6C5DC /* RenderView.swift in Sources */,
				813C390D1C80F199001F9DB8 /* RayonStrike.swift in Sources */,
				7B8BAEE21C765CE9001C1834 /* RootViewController.swift in Sources */,
				81519AB11C7F923900D6E6E7 /* SKTEffects.swift in Sources */,
				813C39151C81594D001F9DB8 /* Alistair.swift in Sources */,
				97E510071C73E6940034B575 /* AppDelegate.swift in Sources */,
				813C39131C8158A2001F9DB8 /* MonsterOrder.swift in Sources */,
				81AD02EC1C76B94B00B6C5DC /* Skill.swift in Sources */,
				81AD02E71C76B92B00B6C5DC /* Player.swift in Sources */,
				7B108ECE1C779A21003FC7EE /* GameOverScene.swift in Sources */,
				81AD02D91C76897700B6C5DC /* DBPathRecognizer.swift in Sources */,
				81519AB31C7F923900D6E6E7 /* Vector3.swift in Sources */,
				81ABA1F21C7E2C02009EA660 /* WildFire.swift in Sources */,
			);
			runOnlyForDeploymentPostprocessing = 0;
		};
/* End PBXSourcesBuildPhase section */

/* Begin PBXVariantGroup section */
		97E5100E1C73E6940034B575 /* Main.storyboard */ = {
			isa = PBXVariantGroup;
			children = (
				97E5100F1C73E6940034B575 /* Base */,
			);
			name = Main.storyboard;
			sourceTree = "<group>";
		};
		97E510131C73E6940034B575 /* LaunchScreen.storyboard */ = {
			isa = PBXVariantGroup;
			children = (
				97E510141C73E6940034B575 /* Base */,
			);
			name = LaunchScreen.storyboard;
			sourceTree = "<group>";
		};
/* End PBXVariantGroup section */

/* Begin XCBuildConfiguration section */
		97E510171C73E6940034B575 /* Debug */ = {
			isa = XCBuildConfiguration;
			buildSettings = {
				ALWAYS_SEARCH_USER_PATHS = NO;
				CLANG_CXX_LANGUAGE_STANDARD = "gnu++0x";
				CLANG_CXX_LIBRARY = "libc++";
				CLANG_ENABLE_MODULES = YES;
				CLANG_ENABLE_OBJC_ARC = YES;
				CLANG_WARN_BOOL_CONVERSION = YES;
				CLANG_WARN_CONSTANT_CONVERSION = YES;
				CLANG_WARN_DIRECT_OBJC_ISA_USAGE = YES_ERROR;
				CLANG_WARN_EMPTY_BODY = YES;
				CLANG_WARN_ENUM_CONVERSION = YES;
				CLANG_WARN_INT_CONVERSION = YES;
				CLANG_WARN_OBJC_ROOT_CLASS = YES_ERROR;
				CLANG_WARN_UNREACHABLE_CODE = YES;
				CLANG_WARN__DUPLICATE_METHOD_MATCH = YES;
				"CODE_SIGN_IDENTITY[sdk=iphoneos*]" = "iPhone Developer";
				COPY_PHASE_STRIP = NO;
				DEBUG_INFORMATION_FORMAT = "dwarf-with-dsym";
				ENABLE_STRICT_OBJC_MSGSEND = YES;
				ENABLE_TESTABILITY = YES;
				GCC_C_LANGUAGE_STANDARD = gnu99;
				GCC_DYNAMIC_NO_PIC = NO;
				GCC_NO_COMMON_BLOCKS = YES;
				GCC_OPTIMIZATION_LEVEL = 0;
				GCC_PREPROCESSOR_DEFINITIONS = (
					"DEBUG=1",
					"$(inherited)",
				);
				GCC_WARN_64_TO_32_BIT_CONVERSION = YES;
				GCC_WARN_ABOUT_RETURN_TYPE = YES_ERROR;
				GCC_WARN_UNDECLARED_SELECTOR = YES;
				GCC_WARN_UNINITIALIZED_AUTOS = YES_AGGRESSIVE;
				GCC_WARN_UNUSED_FUNCTION = YES;
				GCC_WARN_UNUSED_VARIABLE = YES;
				IPHONEOS_DEPLOYMENT_TARGET = 9.2;
				MTL_ENABLE_DEBUG_INFO = YES;
				ONLY_ACTIVE_ARCH = YES;
				SDKROOT = iphoneos;
				SWIFT_OPTIMIZATION_LEVEL = "-Onone";
				TARGETED_DEVICE_FAMILY = "1,2";
			};
			name = Debug;
		};
		97E510181C73E6940034B575 /* Release */ = {
			isa = XCBuildConfiguration;
			buildSettings = {
				ALWAYS_SEARCH_USER_PATHS = NO;
				CLANG_CXX_LANGUAGE_STANDARD = "gnu++0x";
				CLANG_CXX_LIBRARY = "libc++";
				CLANG_ENABLE_MODULES = YES;
				CLANG_ENABLE_OBJC_ARC = YES;
				CLANG_WARN_BOOL_CONVERSION = YES;
				CLANG_WARN_CONSTANT_CONVERSION = YES;
				CLANG_WARN_DIRECT_OBJC_ISA_USAGE = YES_ERROR;
				CLANG_WARN_EMPTY_BODY = YES;
				CLANG_WARN_ENUM_CONVERSION = YES;
				CLANG_WARN_INT_CONVERSION = YES;
				CLANG_WARN_OBJC_ROOT_CLASS = YES_ERROR;
				CLANG_WARN_UNREACHABLE_CODE = YES;
				CLANG_WARN__DUPLICATE_METHOD_MATCH = YES;
				"CODE_SIGN_IDENTITY[sdk=iphoneos*]" = "iPhone Developer";
				COPY_PHASE_STRIP = NO;
				DEBUG_INFORMATION_FORMAT = "dwarf-with-dsym";
				ENABLE_NS_ASSERTIONS = NO;
				ENABLE_STRICT_OBJC_MSGSEND = YES;
				GCC_C_LANGUAGE_STANDARD = gnu99;
				GCC_NO_COMMON_BLOCKS = YES;
				GCC_WARN_64_TO_32_BIT_CONVERSION = YES;
				GCC_WARN_ABOUT_RETURN_TYPE = YES_ERROR;
				GCC_WARN_UNDECLARED_SELECTOR = YES;
				GCC_WARN_UNINITIALIZED_AUTOS = YES_AGGRESSIVE;
				GCC_WARN_UNUSED_FUNCTION = YES;
				GCC_WARN_UNUSED_VARIABLE = YES;
				IPHONEOS_DEPLOYMENT_TARGET = 9.2;
				MTL_ENABLE_DEBUG_INFO = NO;
				SDKROOT = iphoneos;
				TARGETED_DEVICE_FAMILY = "1,2";
				VALIDATE_PRODUCT = YES;
			};
			name = Release;
		};
		97E5101A1C73E6940034B575 /* Debug */ = {
			isa = XCBuildConfiguration;
			buildSettings = {
				ASSETCATALOG_COMPILER_APPICON_NAME = AppIcon;
				CODE_SIGN_IDENTITY = "iPhone Developer";
				"CODE_SIGN_IDENTITY[sdk=iphoneos*]" = "iPhone Developer";
				ENABLE_BITCODE = NO;
				INFOPLIST_FILE = ThreadMagic/Info.plist;
				LD_RUNPATH_SEARCH_PATHS = "$(inherited) @executable_path/Frameworks";
				PRODUCT_BUNDLE_IDENTIFIER = io.nononsense.ThreadMagic;
				PRODUCT_NAME = "$(TARGET_NAME)";
				PROVISIONING_PROFILE = "";
			};
			name = Debug;
		};
		97E5101B1C73E6940034B575 /* Release */ = {
			isa = XCBuildConfiguration;
			buildSettings = {
				ASSETCATALOG_COMPILER_APPICON_NAME = AppIcon;
				CODE_SIGN_IDENTITY = "iPhone Developer";
				"CODE_SIGN_IDENTITY[sdk=iphoneos*]" = "iPhone Developer";
				ENABLE_BITCODE = NO;
				INFOPLIST_FILE = ThreadMagic/Info.plist;
				LD_RUNPATH_SEARCH_PATHS = "$(inherited) @executable_path/Frameworks";
				PRODUCT_BUNDLE_IDENTIFIER = io.nononsense.ThreadMagic;
				PRODUCT_NAME = "$(TARGET_NAME)";
				PROVISIONING_PROFILE = "";
			};
			name = Release;
		};
/* End XCBuildConfiguration section */

/* Begin XCConfigurationList section */
		97E50FFE1C73E6940034B575 /* Build configuration list for PBXProject "ThreadMagic" */ = {
			isa = XCConfigurationList;
			buildConfigurations = (
				97E510171C73E6940034B575 /* Debug */,
				97E510181C73E6940034B575 /* Release */,
			);
			defaultConfigurationIsVisible = 0;
			defaultConfigurationName = Release;
		};
		97E510191C73E6940034B575 /* Build configuration list for PBXNativeTarget "ThreadMagic" */ = {
			isa = XCConfigurationList;
			buildConfigurations = (
				97E5101A1C73E6940034B575 /* Debug */,
				97E5101B1C73E6940034B575 /* Release */,
			);
			defaultConfigurationIsVisible = 0;
			defaultConfigurationName = Release;
		};
/* End XCConfigurationList section */
	};
	rootObject = 97E50FFB1C73E6940034B575 /* Project object */;
}
